// !$*UTF8*$!
{
	archiveVersion = 1;
	classes = {
	};
	objectVersion = 56;
	objects = {

/* Begin PBXBuildFile section */
		0B013EEE2AB7559E003CB57F /* LevelView.swift in Sources */ = {isa = PBXBuildFile; fileRef = 0B013EED2AB7559E003CB57F /* LevelView.swift */; };
		0B013EF02AB78BA5003CB57F /* EditProfileView.swift in Sources */ = {isa = PBXBuildFile; fileRef = 0B013EEF2AB78BA5003CB57F /* EditProfileView.swift */; };
		0B0183582AB3BF16008E887F /* LeaderboardView.swift in Sources */ = {isa = PBXBuildFile; fileRef = 0B0183572AB3BF16008E887F /* LeaderboardView.swift */; };
		0B0183602AB3C09A008E887F /* NotificationsView.swift in Sources */ = {isa = PBXBuildFile; fileRef = 0B01835F2AB3C09A008E887F /* NotificationsView.swift */; };
		0B0183642AB3C0C0008E887F /* PlaceView.swift in Sources */ = {isa = PBXBuildFile; fileRef = 0B0183632AB3C0C0008E887F /* PlaceView.swift */; };
		0B01836A2AB3C179008E887F /* UserProfileView.swift in Sources */ = {isa = PBXBuildFile; fileRef = 0B0183692AB3C179008E887F /* UserProfileView.swift */; };
		0B01836C2AB3C1AF008E887F /* MyProfileStack.swift in Sources */ = {isa = PBXBuildFile; fileRef = 0B01836B2AB3C1AF008E887F /* MyProfileStack.swift */; };
		0B0183702AB3DE8A008E887F /* AuthStack.swift in Sources */ = {isa = PBXBuildFile; fileRef = 0B01836F2AB3DE8A008E887F /* AuthStack.swift */; };
		0B0E6D222ABB077B00EC62EE /* FeedItemTemplate.swift in Sources */ = {isa = PBXBuildFile; fileRef = 0B0E6D212ABB077B00EC62EE /* FeedItemTemplate.swift */; };
		0B0E6D262ABB22ED00EC62EE /* FeedLevelUpView.swift in Sources */ = {isa = PBXBuildFile; fileRef = 0B0E6D252ABB22ED00EC62EE /* FeedLevelUpView.swift */; };
		0B0E6D282ABB242700EC62EE /* Comment.swift in Sources */ = {isa = PBXBuildFile; fileRef = 0B0E6D272ABB242700EC62EE /* Comment.swift */; };
		0B0E6D2A2ABB24AB00EC62EE /* User.swift in Sources */ = {isa = PBXBuildFile; fileRef = 0B0E6D292ABB24AB00EC62EE /* User.swift */; };
		0B0E6D2E2ABB676300EC62EE /* Place.swift in Sources */ = {isa = PBXBuildFile; fileRef = 0B0E6D2D2ABB676300EC62EE /* Place.swift */; };
		0B0E6D302ABB814F00EC62EE /* Review.swift in Sources */ = {isa = PBXBuildFile; fileRef = 0B0E6D2F2ABB814F00EC62EE /* Review.swift */; };
		0B0E6D322ABB816F00EC62EE /* Checkin.swift in Sources */ = {isa = PBXBuildFile; fileRef = 0B0E6D312ABB816F00EC62EE /* Checkin.swift */; };
		0B0E6D342ABB872F00EC62EE /* Reaction.swift in Sources */ = {isa = PBXBuildFile; fileRef = 0B0E6D332ABB872F00EC62EE /* Reaction.swift */; };
		0B2E98802AB907340013301D /* UIImage.swift in Sources */ = {isa = PBXBuildFile; fileRef = 0B2E987F2AB907340013301D /* UIImage.swift */; };
		0B37ABFA2AD6EC7A00E8D4BC /* SearchView.swift in Sources */ = {isa = PBXBuildFile; fileRef = 0B37ABF92AD6EC7A00E8D4BC /* SearchView.swift */; };
		0B37ABFC2AD7408E00E8D4BC /* ToastViewModel.swift in Sources */ = {isa = PBXBuildFile; fileRef = 0B37ABFB2AD7408E00E8D4BC /* ToastViewModel.swift */; };
		0B3B32DF2AF013DD00E1E0B0 /* Binding.swift in Sources */ = {isa = PBXBuildFile; fileRef = 0B3B32DE2AF013DD00E1E0B0 /* Binding.swift */; };
		0B4016702B045D56000F1263 /* SwiftUIPager in Frameworks */ = {isa = PBXBuildFile; productRef = 0B40166F2B045D56000F1263 /* SwiftUIPager */; };
		0B4016732B046A83000F1263 /* VideoPlayer in Frameworks */ = {isa = PBXBuildFile; productRef = 0B4016722B046A83000F1263 /* VideoPlayer */; };
		0B4016752B046AA5000F1263 /* ForYouView.swift in Sources */ = {isa = PBXBuildFile; fileRef = 0B4016742B046AA5000F1263 /* ForYouView.swift */; };
		0B46814D2AC5EAFB009C5EF9 /* FirstLoadingView.swift in Sources */ = {isa = PBXBuildFile; fileRef = 0B46814C2AC5EAFB009C5EF9 /* FirstLoadingView.swift */; };
		0B46814F2AC5EB6B009C5EF9 /* CircleLabelView.swift in Sources */ = {isa = PBXBuildFile; fileRef = 0B46814E2AC5EB6B009C5EF9 /* CircleLabelView.swift */; };
		0B4681512AC61D49009C5EF9 /* FeedCheckinView.swift in Sources */ = {isa = PBXBuildFile; fileRef = 0B4681502AC61D49009C5EF9 /* FeedCheckinView.swift */; };
		0B51A8D42ACEC58400DA38DC /* MediasViewModel.swift in Sources */ = {isa = PBXBuildFile; fileRef = 0B51A8D32ACEC58400DA38DC /* MediasViewModel.swift */; };
		0B51A8D62ACEC61000DA38DC /* MediasView.swift in Sources */ = {isa = PBXBuildFile; fileRef = 0B51A8D52ACEC61000DA38DC /* MediasView.swift */; };
		0B6495532AB0A51F000E57AF /* Validator.swift in Sources */ = {isa = PBXBuildFile; fileRef = 0B6495522AB0A51F000E57AF /* Validator.swift */; };
		0B6495562AB10F5E000E57AF /* APIManager.swift in Sources */ = {isa = PBXBuildFile; fileRef = 0B6495552AB10F5E000E57AF /* APIManager.swift */; };
		0B64C4C92AB4BDC6009F0D43 /* SettingsView.swift in Sources */ = {isa = PBXBuildFile; fileRef = 0B64C4C82AB4BDC6009F0D43 /* SettingsView.swift */; };
		0B64C4CD2AB4CCA1009F0D43 /* DataCard.swift in Sources */ = {isa = PBXBuildFile; fileRef = 0B64C4CC2AB4CCA1009F0D43 /* DataCard.swift */; };
		0B67C8B72AF0539E002781B3 /* Kingfisher in Frameworks */ = {isa = PBXBuildFile; productRef = 0B67C8B62AF0539E002781B3 /* Kingfisher */; };
		0B6839922AEC335D0082661A /* ReportView.swift in Sources */ = {isa = PBXBuildFile; fileRef = 0B6839912AEC335D0082661A /* ReportView.swift */; };
		0B695D792AF131FB00C11870 /* MyConnections.swift in Sources */ = {isa = PBXBuildFile; fileRef = 0B695D782AF131FB00C11870 /* MyConnections.swift */; };
		0B695D7C2AF14E0C00C11870 /* MyConnectionsViewModel.swift in Sources */ = {isa = PBXBuildFile; fileRef = 0B695D7B2AF14E0C00C11870 /* MyConnectionsViewModel.swift */; };
		0B695D7E2AF15EEE00C11870 /* ConnectionsDataManager.swift in Sources */ = {isa = PBXBuildFile; fileRef = 0B695D7D2AF15EEE00C11870 /* ConnectionsDataManager.swift */; };
		0B6A47C22ABC9157000CBDA3 /* FeedDataManager.swift in Sources */ = {isa = PBXBuildFile; fileRef = 0B6A47C12ABC9157000CBDA3 /* FeedDataManager.swift */; };
		0B6A47C42ABC9806000CBDA3 /* FeedItem.swift in Sources */ = {isa = PBXBuildFile; fileRef = 0B6A47C32ABC9806000CBDA3 /* FeedItem.swift */; };
		0B6A47C62ABC998A000CBDA3 /* FeedViewModel.swift in Sources */ = {isa = PBXBuildFile; fileRef = 0B6A47C52ABC998A000CBDA3 /* FeedViewModel.swift */; };
		0B6E990F2AC7627700D8CE26 /* LeaderboardViewModel.swift in Sources */ = {isa = PBXBuildFile; fileRef = 0B6E990E2AC7627700D8CE26 /* LeaderboardViewModel.swift */; };
		0B6E99122AC7629A00D8CE26 /* LeaderboardDataManager.swift in Sources */ = {isa = PBXBuildFile; fileRef = 0B6E99112AC7629A00D8CE26 /* LeaderboardDataManager.swift */; };
		0B77EA3B2AAF855500C8DF87 /* PhantomPhoodApp.swift in Sources */ = {isa = PBXBuildFile; fileRef = 0B77EA3A2AAF855500C8DF87 /* PhantomPhoodApp.swift */; };
		0B77EA3D2AAF855500C8DF87 /* ContentView.swift in Sources */ = {isa = PBXBuildFile; fileRef = 0B77EA3C2AAF855500C8DF87 /* ContentView.swift */; };
		0B77EA3F2AAF855600C8DF87 /* Assets.xcassets in Resources */ = {isa = PBXBuildFile; fileRef = 0B77EA3E2AAF855600C8DF87 /* Assets.xcassets */; };
		0B77EA422AAF855600C8DF87 /* Preview Assets.xcassets in Resources */ = {isa = PBXBuildFile; fileRef = 0B77EA412AAF855600C8DF87 /* Preview Assets.xcassets */; };
		0B77EA4E2AAF889100C8DF87 /* SignUpView.swift in Sources */ = {isa = PBXBuildFile; fileRef = 0B77EA4D2AAF889100C8DF87 /* SignUpView.swift */; };
		0B77EA502AAF8C3B00C8DF87 /* WelcomeView.swift in Sources */ = {isa = PBXBuildFile; fileRef = 0B77EA4F2AAF8C3B00C8DF87 /* WelcomeView.swift */; };
		0B77EA532AAF8CB800C8DF87 /* Lottie in Frameworks */ = {isa = PBXBuildFile; productRef = 0B77EA522AAF8CB800C8DF87 /* Lottie */; };
		0B77EA562AAFCAA800C8DF87 /* Welcome.json in Resources */ = {isa = PBXBuildFile; fileRef = 0B77EA552AAFCAA800C8DF87 /* Welcome.json */; };
		0B77EA582AAFCDBD00C8DF87 /* LottieView.swift in Sources */ = {isa = PBXBuildFile; fileRef = 0B77EA572AAFCDBD00C8DF87 /* LottieView.swift */; };
		0B77EA5B2AAFE31300C8DF87 /* Authentication.swift in Sources */ = {isa = PBXBuildFile; fileRef = 0B77EA5A2AAFE31300C8DF87 /* Authentication.swift */; };
		0B77EA632AB08EDE00C8DF87 /* NotFoundView.swift in Sources */ = {isa = PBXBuildFile; fileRef = 0B77EA622AB08EDE00C8DF87 /* NotFoundView.swift */; };
		0B83A0C52AF3F7EF0096780B /* UserProfileCheckins.swift in Sources */ = {isa = PBXBuildFile; fileRef = 0B83A0C42AF3F7EF0096780B /* UserProfileCheckins.swift */; };
		0B83A0C72AF3F8110096780B /* UserProfileCheckinsVM.swift in Sources */ = {isa = PBXBuildFile; fileRef = 0B83A0C62AF3F8110096780B /* UserProfileCheckinsVM.swift */; };
		0B83A0C92AF4032D0096780B /* ProfileActivity.swift in Sources */ = {isa = PBXBuildFile; fileRef = 0B83A0C82AF4032D0096780B /* ProfileActivity.swift */; };
		0B83A0CB2AF403510096780B /* ProfileActivityVm.swift in Sources */ = {isa = PBXBuildFile; fileRef = 0B83A0CA2AF403510096780B /* ProfileActivityVm.swift */; };
		0B83A0CD2AF433D50096780B /* UserProfileActivity.swift in Sources */ = {isa = PBXBuildFile; fileRef = 0B83A0CC2AF433D50096780B /* UserProfileActivity.swift */; };
		0B83A0CF2AF434090096780B /* UserProfileActivityVM.swift in Sources */ = {isa = PBXBuildFile; fileRef = 0B83A0CE2AF434090096780B /* UserProfileActivityVM.swift */; };
		0B8AA3CB2AFE8817008284F5 /* MapKit.swift in Sources */ = {isa = PBXBuildFile; fileRef = 0B8AA3CA2AFE8817008284F5 /* MapKit.swift */; };
		0B9307F32B0709F1005FA1C3 /* ProfileImage.swift in Sources */ = {isa = PBXBuildFile; fileRef = 0B9307F22B0709F1005FA1C3 /* ProfileImage.swift */; };
		0B96D66C2AD2E73500612C27 /* LocationManager.swift in Sources */ = {isa = PBXBuildFile; fileRef = 0B96D66B2AD2E73500612C27 /* LocationManager.swift */; };
		0B985AE12AC9AFC200019A06 /* PlaceDataManager.swift in Sources */ = {isa = PBXBuildFile; fileRef = 0B985AE02AC9AFC200019A06 /* PlaceDataManager.swift */; };
		0B985AE32AC9AFCA00019A06 /* PlaceViewModel.swift in Sources */ = {isa = PBXBuildFile; fileRef = 0B985AE22AC9AFCA00019A06 /* PlaceViewModel.swift */; };
		0B997B632AC70E1A00579C9C /* Notification.swift in Sources */ = {isa = PBXBuildFile; fileRef = 0B997B622AC70E1A00579C9C /* Notification.swift */; };
		0B997B662AC711A300579C9C /* NotificationsViewModel.swift in Sources */ = {isa = PBXBuildFile; fileRef = 0B997B652AC711A300579C9C /* NotificationsViewModel.swift */; };
		0B997B682AC7139000579C9C /* NotificationsDataManager.swift in Sources */ = {isa = PBXBuildFile; fileRef = 0B997B672AC7139000579C9C /* NotificationsDataManager.swift */; };
		0B997B6A2AC7377C00579C9C /* UserProfileViewModel.swift in Sources */ = {isa = PBXBuildFile; fileRef = 0B997B692AC7377C00579C9C /* UserProfileViewModel.swift */; };
		0B997B6E2AC7381700579C9C /* UserProfileDataManager.swift in Sources */ = {isa = PBXBuildFile; fileRef = 0B997B6D2AC7381700579C9C /* UserProfileDataManager.swift */; };
		0B997B702AC74BFA00579C9C /* UserProfileStats.swift in Sources */ = {isa = PBXBuildFile; fileRef = 0B997B6F2AC74BFA00579C9C /* UserProfileStats.swift */; };
		0BA0383F2AF24C96000A2B33 /* UserConnectionsView.swift in Sources */ = {isa = PBXBuildFile; fileRef = 0BA0383E2AF24C96000A2B33 /* UserConnectionsView.swift */; };
		0BA038412AF24CE6000A2B33 /* UserConnectionsViewModel.swift in Sources */ = {isa = PBXBuildFile; fileRef = 0BA038402AF24CE6000A2B33 /* UserConnectionsViewModel.swift */; };
		0BA388932AD96D7100C74880 /* MapView17.swift in Sources */ = {isa = PBXBuildFile; fileRef = 0BA388922AD96D7100C74880 /* MapView17.swift */; };
		0BA388952AD974A100C74880 /* MapView16.swift in Sources */ = {isa = PBXBuildFile; fileRef = 0BA388942AD974A100C74880 /* MapView16.swift */; };
		0BAE47302ACC68FD001FBDAF /* YelpRatingView.swift in Sources */ = {isa = PBXBuildFile; fileRef = 0BAE472F2ACC68FD001FBDAF /* YelpRatingView.swift */; };
		0BAE47322ACC91DF001FBDAF /* PlaceReviewsView.swift in Sources */ = {isa = PBXBuildFile; fileRef = 0BAE47312ACC91DF001FBDAF /* PlaceReviewsView.swift */; };
		0BAE47342ACC93B8001FBDAF /* PlaceScoreRange.swift in Sources */ = {isa = PBXBuildFile; fileRef = 0BAE47332ACC93B8001FBDAF /* PlaceScoreRange.swift */; };
		0BAE473A2ACC9A20001FBDAF /* PlaceReviewView.swift in Sources */ = {isa = PBXBuildFile; fileRef = 0BAE47392ACC9A20001FBDAF /* PlaceReviewView.swift */; };
		0BB02DA42AD34B9E00F65822 /* AddReviewView.swift in Sources */ = {isa = PBXBuildFile; fileRef = 0BB02DA32AD34B9E00F65822 /* AddReviewView.swift */; };
		0BB37E9A2ABA0CD6009E1272 /* MapViewModel.swift in Sources */ = {isa = PBXBuildFile; fileRef = 0BB37E992ABA0CD6009E1272 /* MapViewModel.swift */; };
		0BB37E9C2ABA52C7009E1272 /* Shaders.metal in Sources */ = {isa = PBXBuildFile; fileRef = 0BB37E9B2ABA52C7009E1272 /* Shaders.metal */; };
		0BB37E9E2ABA6D84009E1272 /* FeedView.swift in Sources */ = {isa = PBXBuildFile; fileRef = 0BB37E9D2ABA6D84009E1272 /* FeedView.swift */; };
		0BB805862AC203EB0074155D /* FeedReviewView.swift in Sources */ = {isa = PBXBuildFile; fileRef = 0BB805852AC203EB0074155D /* FeedReviewView.swift */; };
		0BC84A652AD0339F00D723AA /* ReactionLabel.swift in Sources */ = {isa = PBXBuildFile; fileRef = 0BC84A642AD0339F00D723AA /* ReactionLabel.swift */; };
		0BC84A672AD0449300D723AA /* ReactionsViewModel.swift in Sources */ = {isa = PBXBuildFile; fileRef = 0BC84A662AD0449300D723AA /* ReactionsViewModel.swift */; };
		0BC84A692AD06F8200D723AA /* WrappingHStack.swift in Sources */ = {isa = PBXBuildFile; fileRef = 0BC84A682AD06F8200D723AA /* WrappingHStack.swift */; };
		0BC84A6B2AD071EE00D723AA /* SelectReactionsView.swift in Sources */ = {isa = PBXBuildFile; fileRef = 0BC84A6A2AD071EE00D723AA /* SelectReactionsView.swift */; };
		0BC84A6D2AD08A6D00D723AA /* SelectReactionsViewModel.swift in Sources */ = {isa = PBXBuildFile; fileRef = 0BC84A6C2AD08A6D00D723AA /* SelectReactionsViewModel.swift */; };
		0BC84A6F2AD0A83900D723AA /* PlaceMediaView.swift in Sources */ = {isa = PBXBuildFile; fileRef = 0BC84A6E2AD0A83900D723AA /* PlaceMediaView.swift */; };
		0BC84A712AD0A8B100D723AA /* PlaceMediaViewModel.swift in Sources */ = {isa = PBXBuildFile; fileRef = 0BC84A702AD0A8B100D723AA /* PlaceMediaViewModel.swift */; };
		0BCBC18E2ACDC2FF00992D8E /* View.swift in Sources */ = {isa = PBXBuildFile; fileRef = 0BCBC18D2ACDC2FF00992D8E /* View.swift */; };
		0BCBC1902ACDEDDE00992D8E /* PlaceReviewsViewModel.swift in Sources */ = {isa = PBXBuildFile; fileRef = 0BCBC18F2ACDEDDE00992D8E /* PlaceReviewsViewModel.swift */; };
		0BCBC1922ACDF22100992D8E /* CommentsViewModel.swift in Sources */ = {isa = PBXBuildFile; fileRef = 0BCBC1912ACDF22100992D8E /* CommentsViewModel.swift */; };
		0BCBC1942ACDF30600992D8E /* CommentsView.swift in Sources */ = {isa = PBXBuildFile; fileRef = 0BCBC1932ACDF30600992D8E /* CommentsView.swift */; };
		0BD1942B2B06677600C1C35F /* ForYouItem.swift in Sources */ = {isa = PBXBuildFile; fileRef = 0BD1942A2B06677600C1C35F /* ForYouItem.swift */; };
		0BD1942D2B06681B00C1C35F /* ForYouViewModel.swift in Sources */ = {isa = PBXBuildFile; fileRef = 0BD1942C2B06681B00C1C35F /* ForYouViewModel.swift */; };
		0BDBD3C82ACB0E8B003B8D2D /* PlaceOverviewView.swift in Sources */ = {isa = PBXBuildFile; fileRef = 0BDBD3C72ACB0E8B003B8D2D /* PlaceOverviewView.swift */; };
		0BDBD3CA2ACB32B7003B8D2D /* PhantomScoreView.swift in Sources */ = {isa = PBXBuildFile; fileRef = 0BDBD3C92ACB32B7003B8D2D /* PhantomScoreView.swift */; };
		0BDBD3CC2ACB5FCD003B8D2D /* GoogleRatingView.swift in Sources */ = {isa = PBXBuildFile; fileRef = 0BDBD3CB2ACB5FCD003B8D2D /* GoogleRatingView.swift */; };
		0BE1E17A2AD498C200645AA0 /* AddReviewViewModel.swift in Sources */ = {isa = PBXBuildFile; fileRef = 0BE1E1792AD498C200645AA0 /* AddReviewViewModel.swift */; };
		0BE1E17C2AD5A38A00645AA0 /* SearchViewModel.swift in Sources */ = {isa = PBXBuildFile; fileRef = 0BE1E17B2AD5A38A00645AA0 /* SearchViewModel.swift */; };
		0BE1E17E2AD5B84A00645AA0 /* Location.swift in Sources */ = {isa = PBXBuildFile; fileRef = 0BE1E17D2AD5B84A00645AA0 /* Location.swift */; };
		0BE3118E2AC4842700CF9BA5 /* ReviewVideoView.swift in Sources */ = {isa = PBXBuildFile; fileRef = 0BE3118D2AC4842700CF9BA5 /* ReviewVideoView.swift */; };
		0BE8EC7A2ABCD3BA00512872 /* FeedFollowingView.swift in Sources */ = {isa = PBXBuildFile; fileRef = 0BE8EC792ABCD3BA00512872 /* FeedFollowingView.swift */; };
		0BE8EC7C2ABCD54200512872 /* Utils.swift in Sources */ = {isa = PBXBuildFile; fileRef = 0BE8EC7B2ABCD54200512872 /* Utils.swift */; };
		0BEC8C862AB7B08600B94AFC /* EditProfileViewModel.swift in Sources */ = {isa = PBXBuildFile; fileRef = 0BEC8C852AB7B08600B94AFC /* EditProfileViewModel.swift */; };
		0BEE15262AB5028400DF7211 /* MyProfile.swift in Sources */ = {isa = PBXBuildFile; fileRef = 0BEE15252AB5028400DF7211 /* MyProfile.swift */; };
		0BEE152A2AB50A8800DF7211 /* ProfileStats.swift in Sources */ = {isa = PBXBuildFile; fileRef = 0BEE15292AB50A8800DF7211 /* ProfileStats.swift */; };
		0BF0A7872AD874520058BAE9 /* MapPlaceMarker.swift in Sources */ = {isa = PBXBuildFile; fileRef = 0BF0A7862AD874520058BAE9 /* MapPlaceMarker.swift */; };
		0BF17BA72AF2F93F00D87812 /* ProfileCheckins.swift in Sources */ = {isa = PBXBuildFile; fileRef = 0BF17BA62AF2F93F00D87812 /* ProfileCheckins.swift */; };
		0BF17BA92AF2FAA500D87812 /* ProfileCheckinsVM.swift in Sources */ = {isa = PBXBuildFile; fileRef = 0BF17BA82AF2FAA500D87812 /* ProfileCheckinsVM.swift */; };
		0BF17BAB2AF2FDE800D87812 /* GeneralTypes.swift in Sources */ = {isa = PBXBuildFile; fileRef = 0BF17BAA2AF2FDE800D87812 /* GeneralTypes.swift */; };
		0BF5B49D2AB292D500DEC403 /* KeychainHelper.swift in Sources */ = {isa = PBXBuildFile; fileRef = 0BF5B49C2AB292D500DEC403 /* KeychainHelper.swift */; };
		0BF5B49F2AB3487900DEC403 /* SignInView.swift in Sources */ = {isa = PBXBuildFile; fileRef = 0BF5B49E2AB3487900DEC403 /* SignInView.swift */; };
		0BF5B4A42AB34DD300DEC403 /* ColorExtensions.swift in Sources */ = {isa = PBXBuildFile; fileRef = 0BF5B4A32AB34DD300DEC403 /* ColorExtensions.swift */; };
		0BF5B4A62AB353CB00DEC403 /* TextField.swift in Sources */ = {isa = PBXBuildFile; fileRef = 0BF5B4A52AB353CB00DEC403 /* TextField.swift */; };
		0BF5B4A92AB3758000DEC403 /* HomeView.swift in Sources */ = {isa = PBXBuildFile; fileRef = 0BF5B4A82AB3758000DEC403 /* HomeView.swift */; };
		0BF5B4AE2AB375D500DEC403 /* MapView.swift in Sources */ = {isa = PBXBuildFile; fileRef = 0BF5B4AD2AB375D500DEC403 /* MapView.swift */; };
		0BF5B4B22AB3784300DEC403 /* HomeStack.swift in Sources */ = {isa = PBXBuildFile; fileRef = 0BF5B4B12AB3784300DEC403 /* HomeStack.swift */; };
		0BF5B4B42AB3787200DEC403 /* Tab.swift in Sources */ = {isa = PBXBuildFile; fileRef = 0BF5B4B32AB3787200DEC403 /* Tab.swift */; };
		0BF5B4B62AB37AB700DEC403 /* MapStack.swift in Sources */ = {isa = PBXBuildFile; fileRef = 0BF5B4B52AB37AB700DEC403 /* MapStack.swift */; };
		0BF5B4B82AB37AFB00DEC403 /* LeaderboardStack.swift in Sources */ = {isa = PBXBuildFile; fileRef = 0BF5B4B72AB37AFB00DEC403 /* LeaderboardStack.swift */; };
		0BF5B4BC2AB37B8200DEC403 /* AppData.swift in Sources */ = {isa = PBXBuildFile; fileRef = 0BF5B4BB2AB37B8200DEC403 /* AppData.swift */; };
		0BF81DC02ABDF00300B8892E /* DateFormatter.swift in Sources */ = {isa = PBXBuildFile; fileRef = 0BF81DBF2ABDF00300B8892E /* DateFormatter.swift */; };
		0BF81DC42ABE369500B8892E /* CustomFonts.swift in Sources */ = {isa = PBXBuildFile; fileRef = 0BF81DC32ABE369500B8892E /* CustomFonts.swift */; };
		0BF81DC62ABE36EB00B8892E /* Fonts.swift in Sources */ = {isa = PBXBuildFile; fileRef = 0BF81DC52ABE36EB00B8892E /* Fonts.swift */; };
		0BF81DDA2ABE398E00B8892E /* Poppins-Black.ttf in Resources */ = {isa = PBXBuildFile; fileRef = 0BF81DC82ABE398D00B8892E /* Poppins-Black.ttf */; };
		0BF81DDB2ABE398E00B8892E /* Poppins-LightItalic.ttf in Resources */ = {isa = PBXBuildFile; fileRef = 0BF81DC92ABE398D00B8892E /* Poppins-LightItalic.ttf */; };
		0BF81DDC2ABE398E00B8892E /* Poppins-SemiBold.ttf in Resources */ = {isa = PBXBuildFile; fileRef = 0BF81DCA2ABE398D00B8892E /* Poppins-SemiBold.ttf */; };
		0BF81DDD2ABE398E00B8892E /* Poppins-BlackItalic.ttf in Resources */ = {isa = PBXBuildFile; fileRef = 0BF81DCB2ABE398E00B8892E /* Poppins-BlackItalic.ttf */; };
		0BF81DDE2ABE398E00B8892E /* Poppins-SemiBoldItalic.ttf in Resources */ = {isa = PBXBuildFile; fileRef = 0BF81DCC2ABE398E00B8892E /* Poppins-SemiBoldItalic.ttf */; };
		0BF81DDF2ABE398E00B8892E /* Poppins-Thin.ttf in Resources */ = {isa = PBXBuildFile; fileRef = 0BF81DCD2ABE398E00B8892E /* Poppins-Thin.ttf */; };
		0BF81DE02ABE398E00B8892E /* Poppins-Light.ttf in Resources */ = {isa = PBXBuildFile; fileRef = 0BF81DCE2ABE398E00B8892E /* Poppins-Light.ttf */; };
		0BF81DE12ABE398E00B8892E /* Poppins-ExtraBoldItalic.ttf in Resources */ = {isa = PBXBuildFile; fileRef = 0BF81DCF2ABE398E00B8892E /* Poppins-ExtraBoldItalic.ttf */; };
		0BF81DE22ABE398E00B8892E /* Poppins-Regular.ttf in Resources */ = {isa = PBXBuildFile; fileRef = 0BF81DD02ABE398E00B8892E /* Poppins-Regular.ttf */; };
		0BF81DE32ABE398E00B8892E /* Poppins-ExtraBold.ttf in Resources */ = {isa = PBXBuildFile; fileRef = 0BF81DD12ABE398E00B8892E /* Poppins-ExtraBold.ttf */; };
		0BF81DE42ABE398E00B8892E /* Poppins-Medium.ttf in Resources */ = {isa = PBXBuildFile; fileRef = 0BF81DD22ABE398E00B8892E /* Poppins-Medium.ttf */; };
		0BF81DE52ABE398E00B8892E /* Poppins-Bold.ttf in Resources */ = {isa = PBXBuildFile; fileRef = 0BF81DD32ABE398E00B8892E /* Poppins-Bold.ttf */; };
		0BF81DE62ABE398E00B8892E /* Poppins-ThinItalic.ttf in Resources */ = {isa = PBXBuildFile; fileRef = 0BF81DD42ABE398E00B8892E /* Poppins-ThinItalic.ttf */; };
		0BF81DE72ABE398E00B8892E /* Poppins-BoldItalic.ttf in Resources */ = {isa = PBXBuildFile; fileRef = 0BF81DD52ABE398E00B8892E /* Poppins-BoldItalic.ttf */; };
		0BF81DE82ABE398E00B8892E /* Poppins-MediumItalic.ttf in Resources */ = {isa = PBXBuildFile; fileRef = 0BF81DD62ABE398E00B8892E /* Poppins-MediumItalic.ttf */; };
		0BF81DE92ABE398E00B8892E /* Poppins-ExtraLight.ttf in Resources */ = {isa = PBXBuildFile; fileRef = 0BF81DD72ABE398E00B8892E /* Poppins-ExtraLight.ttf */; };
		0BF81DEA2ABE398E00B8892E /* Poppins-Italic.ttf in Resources */ = {isa = PBXBuildFile; fileRef = 0BF81DD82ABE398E00B8892E /* Poppins-Italic.ttf */; };
		0BF81DEB2ABE398E00B8892E /* Poppins-ExtraLightItalic.ttf in Resources */ = {isa = PBXBuildFile; fileRef = 0BF81DD92ABE398E00B8892E /* Poppins-ExtraLightItalic.ttf */; };
/* End PBXBuildFile section */

/* Begin PBXFileReference section */
		0B013EED2AB7559E003CB57F /* LevelView.swift */ = {isa = PBXFileReference; lastKnownFileType = sourcecode.swift; path = LevelView.swift; sourceTree = "<group>"; };
		0B013EEF2AB78BA5003CB57F /* EditProfileView.swift */ = {isa = PBXFileReference; lastKnownFileType = sourcecode.swift; path = EditProfileView.swift; sourceTree = "<group>"; };
		0B0183572AB3BF16008E887F /* LeaderboardView.swift */ = {isa = PBXFileReference; lastKnownFileType = sourcecode.swift; path = LeaderboardView.swift; sourceTree = "<group>"; };
		0B01835F2AB3C09A008E887F /* NotificationsView.swift */ = {isa = PBXFileReference; lastKnownFileType = sourcecode.swift; path = NotificationsView.swift; sourceTree = "<group>"; };
		0B0183632AB3C0C0008E887F /* PlaceView.swift */ = {isa = PBXFileReference; lastKnownFileType = sourcecode.swift; path = PlaceView.swift; sourceTree = "<group>"; };
		0B0183692AB3C179008E887F /* UserProfileView.swift */ = {isa = PBXFileReference; lastKnownFileType = sourcecode.swift; path = UserProfileView.swift; sourceTree = "<group>"; };
		0B01836B2AB3C1AF008E887F /* MyProfileStack.swift */ = {isa = PBXFileReference; lastKnownFileType = sourcecode.swift; path = MyProfileStack.swift; sourceTree = "<group>"; };
		0B01836F2AB3DE8A008E887F /* AuthStack.swift */ = {isa = PBXFileReference; lastKnownFileType = sourcecode.swift; path = AuthStack.swift; sourceTree = "<group>"; };
		0B0E6D212ABB077B00EC62EE /* FeedItemTemplate.swift */ = {isa = PBXFileReference; lastKnownFileType = sourcecode.swift; path = FeedItemTemplate.swift; sourceTree = "<group>"; };
		0B0E6D252ABB22ED00EC62EE /* FeedLevelUpView.swift */ = {isa = PBXFileReference; lastKnownFileType = sourcecode.swift; path = FeedLevelUpView.swift; sourceTree = "<group>"; };
		0B0E6D272ABB242700EC62EE /* Comment.swift */ = {isa = PBXFileReference; lastKnownFileType = sourcecode.swift; path = Comment.swift; sourceTree = "<group>"; };
		0B0E6D292ABB24AB00EC62EE /* User.swift */ = {isa = PBXFileReference; lastKnownFileType = sourcecode.swift; path = User.swift; sourceTree = "<group>"; };
		0B0E6D2D2ABB676300EC62EE /* Place.swift */ = {isa = PBXFileReference; lastKnownFileType = sourcecode.swift; path = Place.swift; sourceTree = "<group>"; };
		0B0E6D2F2ABB814F00EC62EE /* Review.swift */ = {isa = PBXFileReference; lastKnownFileType = sourcecode.swift; path = Review.swift; sourceTree = "<group>"; };
		0B0E6D312ABB816F00EC62EE /* Checkin.swift */ = {isa = PBXFileReference; lastKnownFileType = sourcecode.swift; path = Checkin.swift; sourceTree = "<group>"; };
		0B0E6D332ABB872F00EC62EE /* Reaction.swift */ = {isa = PBXFileReference; lastKnownFileType = sourcecode.swift; path = Reaction.swift; sourceTree = "<group>"; };
		0B2E987F2AB907340013301D /* UIImage.swift */ = {isa = PBXFileReference; lastKnownFileType = sourcecode.swift; path = UIImage.swift; sourceTree = "<group>"; };
		0B37ABF92AD6EC7A00E8D4BC /* SearchView.swift */ = {isa = PBXFileReference; lastKnownFileType = sourcecode.swift; path = SearchView.swift; sourceTree = "<group>"; };
		0B37ABFB2AD7408E00E8D4BC /* ToastViewModel.swift */ = {isa = PBXFileReference; lastKnownFileType = sourcecode.swift; path = ToastViewModel.swift; sourceTree = "<group>"; };
		0B3B32DE2AF013DD00E1E0B0 /* Binding.swift */ = {isa = PBXFileReference; lastKnownFileType = sourcecode.swift; path = Binding.swift; sourceTree = "<group>"; };
		0B4016742B046AA5000F1263 /* ForYouView.swift */ = {isa = PBXFileReference; lastKnownFileType = sourcecode.swift; path = ForYouView.swift; sourceTree = "<group>"; };
		0B46814C2AC5EAFB009C5EF9 /* FirstLoadingView.swift */ = {isa = PBXFileReference; lastKnownFileType = sourcecode.swift; path = FirstLoadingView.swift; sourceTree = "<group>"; };
		0B46814E2AC5EB6B009C5EF9 /* CircleLabelView.swift */ = {isa = PBXFileReference; lastKnownFileType = sourcecode.swift; path = CircleLabelView.swift; sourceTree = "<group>"; };
		0B4681502AC61D49009C5EF9 /* FeedCheckinView.swift */ = {isa = PBXFileReference; lastKnownFileType = sourcecode.swift; path = FeedCheckinView.swift; sourceTree = "<group>"; };
		0B51A8D32ACEC58400DA38DC /* MediasViewModel.swift */ = {isa = PBXFileReference; lastKnownFileType = sourcecode.swift; path = MediasViewModel.swift; sourceTree = "<group>"; };
		0B51A8D52ACEC61000DA38DC /* MediasView.swift */ = {isa = PBXFileReference; lastKnownFileType = sourcecode.swift; path = MediasView.swift; sourceTree = "<group>"; };
		0B6495522AB0A51F000E57AF /* Validator.swift */ = {isa = PBXFileReference; lastKnownFileType = sourcecode.swift; path = Validator.swift; sourceTree = "<group>"; };
		0B6495552AB10F5E000E57AF /* APIManager.swift */ = {isa = PBXFileReference; lastKnownFileType = sourcecode.swift; path = APIManager.swift; sourceTree = "<group>"; };
		0B64C4C82AB4BDC6009F0D43 /* SettingsView.swift */ = {isa = PBXFileReference; lastKnownFileType = sourcecode.swift; path = SettingsView.swift; sourceTree = "<group>"; };
		0B64C4CC2AB4CCA1009F0D43 /* DataCard.swift */ = {isa = PBXFileReference; lastKnownFileType = sourcecode.swift; path = DataCard.swift; sourceTree = "<group>"; };
		0B6839912AEC335D0082661A /* ReportView.swift */ = {isa = PBXFileReference; lastKnownFileType = sourcecode.swift; path = ReportView.swift; sourceTree = "<group>"; };
		0B695D782AF131FB00C11870 /* MyConnections.swift */ = {isa = PBXFileReference; lastKnownFileType = sourcecode.swift; path = MyConnections.swift; sourceTree = "<group>"; };
		0B695D7B2AF14E0C00C11870 /* MyConnectionsViewModel.swift */ = {isa = PBXFileReference; lastKnownFileType = sourcecode.swift; path = MyConnectionsViewModel.swift; sourceTree = "<group>"; };
		0B695D7D2AF15EEE00C11870 /* ConnectionsDataManager.swift */ = {isa = PBXFileReference; lastKnownFileType = sourcecode.swift; path = ConnectionsDataManager.swift; sourceTree = "<group>"; };
		0B6A47C12ABC9157000CBDA3 /* FeedDataManager.swift */ = {isa = PBXFileReference; lastKnownFileType = sourcecode.swift; path = FeedDataManager.swift; sourceTree = "<group>"; };
		0B6A47C32ABC9806000CBDA3 /* FeedItem.swift */ = {isa = PBXFileReference; lastKnownFileType = sourcecode.swift; path = FeedItem.swift; sourceTree = "<group>"; };
		0B6A47C52ABC998A000CBDA3 /* FeedViewModel.swift */ = {isa = PBXFileReference; lastKnownFileType = sourcecode.swift; path = FeedViewModel.swift; sourceTree = "<group>"; };
		0B6E990E2AC7627700D8CE26 /* LeaderboardViewModel.swift */ = {isa = PBXFileReference; lastKnownFileType = sourcecode.swift; path = LeaderboardViewModel.swift; sourceTree = "<group>"; };
		0B6E99112AC7629A00D8CE26 /* LeaderboardDataManager.swift */ = {isa = PBXFileReference; lastKnownFileType = sourcecode.swift; path = LeaderboardDataManager.swift; sourceTree = "<group>"; };
		0B77EA372AAF855500C8DF87 /* PhantomPhood.app */ = {isa = PBXFileReference; explicitFileType = wrapper.application; includeInIndex = 0; path = PhantomPhood.app; sourceTree = BUILT_PRODUCTS_DIR; };
		0B77EA3A2AAF855500C8DF87 /* PhantomPhoodApp.swift */ = {isa = PBXFileReference; lastKnownFileType = sourcecode.swift; path = PhantomPhoodApp.swift; sourceTree = "<group>"; };
		0B77EA3C2AAF855500C8DF87 /* ContentView.swift */ = {isa = PBXFileReference; lastKnownFileType = sourcecode.swift; path = ContentView.swift; sourceTree = "<group>"; };
		0B77EA3E2AAF855600C8DF87 /* Assets.xcassets */ = {isa = PBXFileReference; lastKnownFileType = folder.assetcatalog; path = Assets.xcassets; sourceTree = "<group>"; };
		0B77EA412AAF855600C8DF87 /* Preview Assets.xcassets */ = {isa = PBXFileReference; lastKnownFileType = folder.assetcatalog; path = "Preview Assets.xcassets"; sourceTree = "<group>"; };
		0B77EA4D2AAF889100C8DF87 /* SignUpView.swift */ = {isa = PBXFileReference; lastKnownFileType = sourcecode.swift; path = SignUpView.swift; sourceTree = "<group>"; };
		0B77EA4F2AAF8C3B00C8DF87 /* WelcomeView.swift */ = {isa = PBXFileReference; lastKnownFileType = sourcecode.swift; path = WelcomeView.swift; sourceTree = "<group>"; };
		0B77EA552AAFCAA800C8DF87 /* Welcome.json */ = {isa = PBXFileReference; fileEncoding = 4; lastKnownFileType = text.json; path = Welcome.json; sourceTree = "<group>"; };
		0B77EA572AAFCDBD00C8DF87 /* LottieView.swift */ = {isa = PBXFileReference; lastKnownFileType = sourcecode.swift; path = LottieView.swift; sourceTree = "<group>"; };
		0B77EA592AAFDA1A00C8DF87 /* PhantomPhood.entitlements */ = {isa = PBXFileReference; lastKnownFileType = text.plist.entitlements; path = PhantomPhood.entitlements; sourceTree = "<group>"; };
		0B77EA5A2AAFE31300C8DF87 /* Authentication.swift */ = {isa = PBXFileReference; lastKnownFileType = sourcecode.swift; path = Authentication.swift; sourceTree = "<group>"; };
		0B77EA622AB08EDE00C8DF87 /* NotFoundView.swift */ = {isa = PBXFileReference; lastKnownFileType = sourcecode.swift; path = NotFoundView.swift; sourceTree = "<group>"; };
		0B83A0C42AF3F7EF0096780B /* UserProfileCheckins.swift */ = {isa = PBXFileReference; lastKnownFileType = sourcecode.swift; path = UserProfileCheckins.swift; sourceTree = "<group>"; };
		0B83A0C62AF3F8110096780B /* UserProfileCheckinsVM.swift */ = {isa = PBXFileReference; lastKnownFileType = sourcecode.swift; path = UserProfileCheckinsVM.swift; sourceTree = "<group>"; };
		0B83A0C82AF4032D0096780B /* ProfileActivity.swift */ = {isa = PBXFileReference; lastKnownFileType = sourcecode.swift; path = ProfileActivity.swift; sourceTree = "<group>"; };
		0B83A0CA2AF403510096780B /* ProfileActivityVm.swift */ = {isa = PBXFileReference; lastKnownFileType = sourcecode.swift; path = ProfileActivityVm.swift; sourceTree = "<group>"; };
		0B83A0CC2AF433D50096780B /* UserProfileActivity.swift */ = {isa = PBXFileReference; lastKnownFileType = sourcecode.swift; path = UserProfileActivity.swift; sourceTree = "<group>"; };
		0B83A0CE2AF434090096780B /* UserProfileActivityVM.swift */ = {isa = PBXFileReference; lastKnownFileType = sourcecode.swift; path = UserProfileActivityVM.swift; sourceTree = "<group>"; };
		0B8AA3CA2AFE8817008284F5 /* MapKit.swift */ = {isa = PBXFileReference; lastKnownFileType = sourcecode.swift; path = MapKit.swift; sourceTree = "<group>"; };
		0B9307F22B0709F1005FA1C3 /* ProfileImage.swift */ = {isa = PBXFileReference; lastKnownFileType = sourcecode.swift; path = ProfileImage.swift; sourceTree = "<group>"; };
		0B96D66B2AD2E73500612C27 /* LocationManager.swift */ = {isa = PBXFileReference; lastKnownFileType = sourcecode.swift; path = LocationManager.swift; sourceTree = "<group>"; };
		0B985AE02AC9AFC200019A06 /* PlaceDataManager.swift */ = {isa = PBXFileReference; lastKnownFileType = sourcecode.swift; path = PlaceDataManager.swift; sourceTree = "<group>"; };
		0B985AE22AC9AFCA00019A06 /* PlaceViewModel.swift */ = {isa = PBXFileReference; lastKnownFileType = sourcecode.swift; path = PlaceViewModel.swift; sourceTree = "<group>"; };
		0B997B622AC70E1A00579C9C /* Notification.swift */ = {isa = PBXFileReference; lastKnownFileType = sourcecode.swift; path = Notification.swift; sourceTree = "<group>"; };
		0B997B652AC711A300579C9C /* NotificationsViewModel.swift */ = {isa = PBXFileReference; lastKnownFileType = sourcecode.swift; path = NotificationsViewModel.swift; sourceTree = "<group>"; };
		0B997B672AC7139000579C9C /* NotificationsDataManager.swift */ = {isa = PBXFileReference; lastKnownFileType = sourcecode.swift; path = NotificationsDataManager.swift; sourceTree = "<group>"; };
		0B997B692AC7377C00579C9C /* UserProfileViewModel.swift */ = {isa = PBXFileReference; lastKnownFileType = sourcecode.swift; path = UserProfileViewModel.swift; sourceTree = "<group>"; };
		0B997B6D2AC7381700579C9C /* UserProfileDataManager.swift */ = {isa = PBXFileReference; lastKnownFileType = sourcecode.swift; path = UserProfileDataManager.swift; sourceTree = "<group>"; };
		0B997B6F2AC74BFA00579C9C /* UserProfileStats.swift */ = {isa = PBXFileReference; lastKnownFileType = sourcecode.swift; path = UserProfileStats.swift; sourceTree = "<group>"; };
		0BA0383E2AF24C96000A2B33 /* UserConnectionsView.swift */ = {isa = PBXFileReference; lastKnownFileType = sourcecode.swift; path = UserConnectionsView.swift; sourceTree = "<group>"; };
		0BA038402AF24CE6000A2B33 /* UserConnectionsViewModel.swift */ = {isa = PBXFileReference; lastKnownFileType = sourcecode.swift; path = UserConnectionsViewModel.swift; sourceTree = "<group>"; };
		0BA388922AD96D7100C74880 /* MapView17.swift */ = {isa = PBXFileReference; lastKnownFileType = sourcecode.swift; path = MapView17.swift; sourceTree = "<group>"; };
		0BA388942AD974A100C74880 /* MapView16.swift */ = {isa = PBXFileReference; lastKnownFileType = sourcecode.swift; path = MapView16.swift; sourceTree = "<group>"; };
		0BAE472F2ACC68FD001FBDAF /* YelpRatingView.swift */ = {isa = PBXFileReference; lastKnownFileType = sourcecode.swift; path = YelpRatingView.swift; sourceTree = "<group>"; };
		0BAE47312ACC91DF001FBDAF /* PlaceReviewsView.swift */ = {isa = PBXFileReference; lastKnownFileType = sourcecode.swift; path = PlaceReviewsView.swift; sourceTree = "<group>"; };
		0BAE47332ACC93B8001FBDAF /* PlaceScoreRange.swift */ = {isa = PBXFileReference; lastKnownFileType = sourcecode.swift; path = PlaceScoreRange.swift; sourceTree = "<group>"; };
		0BAE47392ACC9A20001FBDAF /* PlaceReviewView.swift */ = {isa = PBXFileReference; lastKnownFileType = sourcecode.swift; path = PlaceReviewView.swift; sourceTree = "<group>"; };
		0BB02DA32AD34B9E00F65822 /* AddReviewView.swift */ = {isa = PBXFileReference; lastKnownFileType = sourcecode.swift; path = AddReviewView.swift; sourceTree = "<group>"; };
		0BB37E992ABA0CD6009E1272 /* MapViewModel.swift */ = {isa = PBXFileReference; lastKnownFileType = sourcecode.swift; path = MapViewModel.swift; sourceTree = "<group>"; };
		0BB37E9B2ABA52C7009E1272 /* Shaders.metal */ = {isa = PBXFileReference; lastKnownFileType = sourcecode.metal; path = Shaders.metal; sourceTree = "<group>"; };
		0BB37E9D2ABA6D84009E1272 /* FeedView.swift */ = {isa = PBXFileReference; lastKnownFileType = sourcecode.swift; path = FeedView.swift; sourceTree = "<group>"; };
		0BB805852AC203EB0074155D /* FeedReviewView.swift */ = {isa = PBXFileReference; lastKnownFileType = sourcecode.swift; path = FeedReviewView.swift; sourceTree = "<group>"; };
		0BC84A642AD0339F00D723AA /* ReactionLabel.swift */ = {isa = PBXFileReference; lastKnownFileType = sourcecode.swift; path = ReactionLabel.swift; sourceTree = "<group>"; };
		0BC84A662AD0449300D723AA /* ReactionsViewModel.swift */ = {isa = PBXFileReference; lastKnownFileType = sourcecode.swift; path = ReactionsViewModel.swift; sourceTree = "<group>"; };
		0BC84A682AD06F8200D723AA /* WrappingHStack.swift */ = {isa = PBXFileReference; lastKnownFileType = sourcecode.swift; path = WrappingHStack.swift; sourceTree = "<group>"; };
		0BC84A6A2AD071EE00D723AA /* SelectReactionsView.swift */ = {isa = PBXFileReference; lastKnownFileType = sourcecode.swift; path = SelectReactionsView.swift; sourceTree = "<group>"; };
		0BC84A6C2AD08A6D00D723AA /* SelectReactionsViewModel.swift */ = {isa = PBXFileReference; lastKnownFileType = sourcecode.swift; path = SelectReactionsViewModel.swift; sourceTree = "<group>"; };
		0BC84A6E2AD0A83900D723AA /* PlaceMediaView.swift */ = {isa = PBXFileReference; lastKnownFileType = sourcecode.swift; path = PlaceMediaView.swift; sourceTree = "<group>"; };
		0BC84A702AD0A8B100D723AA /* PlaceMediaViewModel.swift */ = {isa = PBXFileReference; lastKnownFileType = sourcecode.swift; path = PlaceMediaViewModel.swift; sourceTree = "<group>"; };
		0BCBC18D2ACDC2FF00992D8E /* View.swift */ = {isa = PBXFileReference; lastKnownFileType = sourcecode.swift; path = View.swift; sourceTree = "<group>"; };
		0BCBC18F2ACDEDDE00992D8E /* PlaceReviewsViewModel.swift */ = {isa = PBXFileReference; lastKnownFileType = sourcecode.swift; path = PlaceReviewsViewModel.swift; sourceTree = "<group>"; };
		0BCBC1912ACDF22100992D8E /* CommentsViewModel.swift */ = {isa = PBXFileReference; lastKnownFileType = sourcecode.swift; path = CommentsViewModel.swift; sourceTree = "<group>"; };
		0BCBC1932ACDF30600992D8E /* CommentsView.swift */ = {isa = PBXFileReference; lastKnownFileType = sourcecode.swift; path = CommentsView.swift; sourceTree = "<group>"; };
		0BD1942A2B06677600C1C35F /* ForYouItem.swift */ = {isa = PBXFileReference; lastKnownFileType = sourcecode.swift; path = ForYouItem.swift; sourceTree = "<group>"; };
		0BD1942C2B06681B00C1C35F /* ForYouViewModel.swift */ = {isa = PBXFileReference; lastKnownFileType = sourcecode.swift; path = ForYouViewModel.swift; sourceTree = "<group>"; };
		0BDBD3C72ACB0E8B003B8D2D /* PlaceOverviewView.swift */ = {isa = PBXFileReference; lastKnownFileType = sourcecode.swift; path = PlaceOverviewView.swift; sourceTree = "<group>"; };
		0BDBD3C92ACB32B7003B8D2D /* PhantomScoreView.swift */ = {isa = PBXFileReference; lastKnownFileType = sourcecode.swift; path = PhantomScoreView.swift; sourceTree = "<group>"; };
		0BDBD3CB2ACB5FCD003B8D2D /* GoogleRatingView.swift */ = {isa = PBXFileReference; lastKnownFileType = sourcecode.swift; path = GoogleRatingView.swift; sourceTree = "<group>"; };
		0BE1E1792AD498C200645AA0 /* AddReviewViewModel.swift */ = {isa = PBXFileReference; lastKnownFileType = sourcecode.swift; path = AddReviewViewModel.swift; sourceTree = "<group>"; };
		0BE1E17B2AD5A38A00645AA0 /* SearchViewModel.swift */ = {isa = PBXFileReference; lastKnownFileType = sourcecode.swift; path = SearchViewModel.swift; sourceTree = "<group>"; };
		0BE1E17D2AD5B84A00645AA0 /* Location.swift */ = {isa = PBXFileReference; lastKnownFileType = sourcecode.swift; path = Location.swift; sourceTree = "<group>"; };
		0BE3118D2AC4842700CF9BA5 /* ReviewVideoView.swift */ = {isa = PBXFileReference; lastKnownFileType = sourcecode.swift; path = ReviewVideoView.swift; sourceTree = "<group>"; };
		0BE8EC792ABCD3BA00512872 /* FeedFollowingView.swift */ = {isa = PBXFileReference; lastKnownFileType = sourcecode.swift; path = FeedFollowingView.swift; sourceTree = "<group>"; };
		0BE8EC7B2ABCD54200512872 /* Utils.swift */ = {isa = PBXFileReference; lastKnownFileType = sourcecode.swift; path = Utils.swift; sourceTree = "<group>"; };
		0BEC8C852AB7B08600B94AFC /* EditProfileViewModel.swift */ = {isa = PBXFileReference; lastKnownFileType = sourcecode.swift; path = EditProfileViewModel.swift; sourceTree = "<group>"; };
		0BEE15252AB5028400DF7211 /* MyProfile.swift */ = {isa = PBXFileReference; lastKnownFileType = sourcecode.swift; path = MyProfile.swift; sourceTree = "<group>"; };
		0BEE15292AB50A8800DF7211 /* ProfileStats.swift */ = {isa = PBXFileReference; lastKnownFileType = sourcecode.swift; path = ProfileStats.swift; sourceTree = "<group>"; };
		0BF0A7862AD874520058BAE9 /* MapPlaceMarker.swift */ = {isa = PBXFileReference; lastKnownFileType = sourcecode.swift; path = MapPlaceMarker.swift; sourceTree = "<group>"; };
		0BF17BA62AF2F93F00D87812 /* ProfileCheckins.swift */ = {isa = PBXFileReference; lastKnownFileType = sourcecode.swift; path = ProfileCheckins.swift; sourceTree = "<group>"; };
		0BF17BA82AF2FAA500D87812 /* ProfileCheckinsVM.swift */ = {isa = PBXFileReference; lastKnownFileType = sourcecode.swift; path = ProfileCheckinsVM.swift; sourceTree = "<group>"; };
		0BF17BAA2AF2FDE800D87812 /* GeneralTypes.swift */ = {isa = PBXFileReference; lastKnownFileType = sourcecode.swift; path = GeneralTypes.swift; sourceTree = "<group>"; };
		0BF5B49C2AB292D500DEC403 /* KeychainHelper.swift */ = {isa = PBXFileReference; lastKnownFileType = sourcecode.swift; path = KeychainHelper.swift; sourceTree = "<group>"; };
		0BF5B49E2AB3487900DEC403 /* SignInView.swift */ = {isa = PBXFileReference; lastKnownFileType = sourcecode.swift; path = SignInView.swift; sourceTree = "<group>"; };
		0BF5B4A32AB34DD300DEC403 /* ColorExtensions.swift */ = {isa = PBXFileReference; lastKnownFileType = sourcecode.swift; path = ColorExtensions.swift; sourceTree = "<group>"; };
		0BF5B4A52AB353CB00DEC403 /* TextField.swift */ = {isa = PBXFileReference; lastKnownFileType = sourcecode.swift; path = TextField.swift; sourceTree = "<group>"; };
		0BF5B4A82AB3758000DEC403 /* HomeView.swift */ = {isa = PBXFileReference; lastKnownFileType = sourcecode.swift; path = HomeView.swift; sourceTree = "<group>"; };
		0BF5B4AD2AB375D500DEC403 /* MapView.swift */ = {isa = PBXFileReference; lastKnownFileType = sourcecode.swift; path = MapView.swift; sourceTree = "<group>"; };
		0BF5B4AF2AB377C600DEC403 /* Info.plist */ = {isa = PBXFileReference; lastKnownFileType = text.plist; path = Info.plist; sourceTree = "<group>"; };
		0BF5B4B12AB3784300DEC403 /* HomeStack.swift */ = {isa = PBXFileReference; lastKnownFileType = sourcecode.swift; path = HomeStack.swift; sourceTree = "<group>"; };
		0BF5B4B32AB3787200DEC403 /* Tab.swift */ = {isa = PBXFileReference; lastKnownFileType = sourcecode.swift; path = Tab.swift; sourceTree = "<group>"; };
		0BF5B4B52AB37AB700DEC403 /* MapStack.swift */ = {isa = PBXFileReference; lastKnownFileType = sourcecode.swift; path = MapStack.swift; sourceTree = "<group>"; };
		0BF5B4B72AB37AFB00DEC403 /* LeaderboardStack.swift */ = {isa = PBXFileReference; lastKnownFileType = sourcecode.swift; path = LeaderboardStack.swift; sourceTree = "<group>"; };
		0BF5B4BB2AB37B8200DEC403 /* AppData.swift */ = {isa = PBXFileReference; lastKnownFileType = sourcecode.swift; path = AppData.swift; sourceTree = "<group>"; };
		0BF81DBF2ABDF00300B8892E /* DateFormatter.swift */ = {isa = PBXFileReference; lastKnownFileType = sourcecode.swift; path = DateFormatter.swift; sourceTree = "<group>"; };
		0BF81DC32ABE369500B8892E /* CustomFonts.swift */ = {isa = PBXFileReference; lastKnownFileType = sourcecode.swift; path = CustomFonts.swift; sourceTree = "<group>"; };
		0BF81DC52ABE36EB00B8892E /* Fonts.swift */ = {isa = PBXFileReference; lastKnownFileType = sourcecode.swift; path = Fonts.swift; sourceTree = "<group>"; };
		0BF81DC82ABE398D00B8892E /* Poppins-Black.ttf */ = {isa = PBXFileReference; lastKnownFileType = file; path = "Poppins-Black.ttf"; sourceTree = "<group>"; };
		0BF81DC92ABE398D00B8892E /* Poppins-LightItalic.ttf */ = {isa = PBXFileReference; lastKnownFileType = file; path = "Poppins-LightItalic.ttf"; sourceTree = "<group>"; };
		0BF81DCA2ABE398D00B8892E /* Poppins-SemiBold.ttf */ = {isa = PBXFileReference; lastKnownFileType = file; path = "Poppins-SemiBold.ttf"; sourceTree = "<group>"; };
		0BF81DCB2ABE398E00B8892E /* Poppins-BlackItalic.ttf */ = {isa = PBXFileReference; lastKnownFileType = file; path = "Poppins-BlackItalic.ttf"; sourceTree = "<group>"; };
		0BF81DCC2ABE398E00B8892E /* Poppins-SemiBoldItalic.ttf */ = {isa = PBXFileReference; lastKnownFileType = file; path = "Poppins-SemiBoldItalic.ttf"; sourceTree = "<group>"; };
		0BF81DCD2ABE398E00B8892E /* Poppins-Thin.ttf */ = {isa = PBXFileReference; lastKnownFileType = file; path = "Poppins-Thin.ttf"; sourceTree = "<group>"; };
		0BF81DCE2ABE398E00B8892E /* Poppins-Light.ttf */ = {isa = PBXFileReference; lastKnownFileType = file; path = "Poppins-Light.ttf"; sourceTree = "<group>"; };
		0BF81DCF2ABE398E00B8892E /* Poppins-ExtraBoldItalic.ttf */ = {isa = PBXFileReference; lastKnownFileType = file; path = "Poppins-ExtraBoldItalic.ttf"; sourceTree = "<group>"; };
		0BF81DD02ABE398E00B8892E /* Poppins-Regular.ttf */ = {isa = PBXFileReference; lastKnownFileType = file; path = "Poppins-Regular.ttf"; sourceTree = "<group>"; };
		0BF81DD12ABE398E00B8892E /* Poppins-ExtraBold.ttf */ = {isa = PBXFileReference; lastKnownFileType = file; path = "Poppins-ExtraBold.ttf"; sourceTree = "<group>"; };
		0BF81DD22ABE398E00B8892E /* Poppins-Medium.ttf */ = {isa = PBXFileReference; lastKnownFileType = file; path = "Poppins-Medium.ttf"; sourceTree = "<group>"; };
		0BF81DD32ABE398E00B8892E /* Poppins-Bold.ttf */ = {isa = PBXFileReference; lastKnownFileType = file; path = "Poppins-Bold.ttf"; sourceTree = "<group>"; };
		0BF81DD42ABE398E00B8892E /* Poppins-ThinItalic.ttf */ = {isa = PBXFileReference; lastKnownFileType = file; path = "Poppins-ThinItalic.ttf"; sourceTree = "<group>"; };
		0BF81DD52ABE398E00B8892E /* Poppins-BoldItalic.ttf */ = {isa = PBXFileReference; lastKnownFileType = file; path = "Poppins-BoldItalic.ttf"; sourceTree = "<group>"; };
		0BF81DD62ABE398E00B8892E /* Poppins-MediumItalic.ttf */ = {isa = PBXFileReference; lastKnownFileType = file; path = "Poppins-MediumItalic.ttf"; sourceTree = "<group>"; };
		0BF81DD72ABE398E00B8892E /* Poppins-ExtraLight.ttf */ = {isa = PBXFileReference; lastKnownFileType = file; path = "Poppins-ExtraLight.ttf"; sourceTree = "<group>"; };
		0BF81DD82ABE398E00B8892E /* Poppins-Italic.ttf */ = {isa = PBXFileReference; lastKnownFileType = file; path = "Poppins-Italic.ttf"; sourceTree = "<group>"; };
		0BF81DD92ABE398E00B8892E /* Poppins-ExtraLightItalic.ttf */ = {isa = PBXFileReference; lastKnownFileType = file; path = "Poppins-ExtraLightItalic.ttf"; sourceTree = "<group>"; };
/* End PBXFileReference section */

/* Begin PBXFrameworksBuildPhase section */
		0B77EA342AAF855500C8DF87 /* Frameworks */ = {
			isa = PBXFrameworksBuildPhase;
			buildActionMask = 2147483647;
			files = (
				0B67C8B72AF0539E002781B3 /* Kingfisher in Frameworks */,
				0B77EA532AAF8CB800C8DF87 /* Lottie in Frameworks */,
				0B4016702B045D56000F1263 /* SwiftUIPager in Frameworks */,
				0B4016732B046A83000F1263 /* VideoPlayer in Frameworks */,
			);
			runOnlyForDeploymentPostprocessing = 0;
		};
/* End PBXFrameworksBuildPhase section */

/* Begin PBXGroup section */
		0B0183532AB3BEF4008E887F /* Leaderboard */ = {
			isa = PBXGroup;
			children = (
				0B6E99102AC7628800D8CE26 /* DataManagers */,
				0B6E990D2AC7626300D8CE26 /* ViewModels */,
				0B0183562AB3BF07008E887F /* Views */,
			);
			path = Leaderboard;
			sourceTree = "<group>";
		};
		0B0183542AB3BEFB008E887F /* MyProfile */ = {
			isa = PBXGroup;
			children = (
				0BEC8C842AB7B07600B94AFC /* ViewModels */,
				0B0183552AB3BF04008E887F /* Views */,
			);
			path = MyProfile;
			sourceTree = "<group>";
		};
		0B0183552AB3BF04008E887F /* Views */ = {
			isa = PBXGroup;
			children = (
				0BEE15252AB5028400DF7211 /* MyProfile.swift */,
				0B013EEF2AB78BA5003CB57F /* EditProfileView.swift */,
				0BEE15292AB50A8800DF7211 /* ProfileStats.swift */,
				0BF17BA62AF2F93F00D87812 /* ProfileCheckins.swift */,
				0B83A0C82AF4032D0096780B /* ProfileActivity.swift */,
			);
			path = Views;
			sourceTree = "<group>";
		};
		0B0183562AB3BF07008E887F /* Views */ = {
			isa = PBXGroup;
			children = (
				0B0183572AB3BF16008E887F /* LeaderboardView.swift */,
			);
			path = Views;
			sourceTree = "<group>";
		};
		0B01835B2AB3C079008E887F /* Notifications */ = {
			isa = PBXGroup;
			children = (
				0B997B642AC7119300579C9C /* ViewModels */,
				0B01835C2AB3C07F008E887F /* Views */,
			);
			path = Notifications;
			sourceTree = "<group>";
		};
		0B01835C2AB3C07F008E887F /* Views */ = {
			isa = PBXGroup;
			children = (
				0B01835F2AB3C09A008E887F /* NotificationsView.swift */,
			);
			path = Views;
			sourceTree = "<group>";
		};
		0B0183612AB3C0B1008E887F /* Place */ = {
			isa = PBXGroup;
			children = (
				0B985ADE2AC9AFA500019A06 /* DataManagers */,
				0B985ADF2AC9AFAB00019A06 /* ViewModels */,
				0B0183622AB3C0B8008E887F /* Views */,
			);
			path = Place;
			sourceTree = "<group>";
		};
		0B0183622AB3C0B8008E887F /* Views */ = {
			isa = PBXGroup;
			children = (
				0B0183632AB3C0C0008E887F /* PlaceView.swift */,
				0BDBD3C72ACB0E8B003B8D2D /* PlaceOverviewView.swift */,
				0BAE47312ACC91DF001FBDAF /* PlaceReviewsView.swift */,
				0BAE47392ACC9A20001FBDAF /* PlaceReviewView.swift */,
				0BC84A6E2AD0A83900D723AA /* PlaceMediaView.swift */,
				0BB02DA32AD34B9E00F65822 /* AddReviewView.swift */,
			);
			path = Views;
			sourceTree = "<group>";
		};
		0B0183672AB3C169008E887F /* UserProfile */ = {
			isa = PBXGroup;
			children = (
				0B997B6C2AC7380B00579C9C /* DataManagers */,
				0B997B6B2AC7378200579C9C /* ViewModels */,
				0B0183682AB3C16E008E887F /* Views */,
			);
			path = UserProfile;
			sourceTree = "<group>";
		};
		0B0183682AB3C16E008E887F /* Views */ = {
			isa = PBXGroup;
			children = (
				0B0183692AB3C179008E887F /* UserProfileView.swift */,
				0B997B6F2AC74BFA00579C9C /* UserProfileStats.swift */,
				0B83A0C42AF3F7EF0096780B /* UserProfileCheckins.swift */,
				0B83A0CC2AF433D50096780B /* UserProfileActivity.swift */,
			);
			path = Views;
			sourceTree = "<group>";
		};
		0B0E6D1E2ABB05CF00EC62EE /* Components */ = {
			isa = PBXGroup;
			children = (
				0B0E6D212ABB077B00EC62EE /* FeedItemTemplate.swift */,
				0BE8EC792ABCD3BA00512872 /* FeedFollowingView.swift */,
				0B0E6D252ABB22ED00EC62EE /* FeedLevelUpView.swift */,
				0BB805852AC203EB0074155D /* FeedReviewView.swift */,
				0B4681502AC61D49009C5EF9 /* FeedCheckinView.swift */,
				0BD1942A2B06677600C1C35F /* ForYouItem.swift */,
			);
			path = Components;
			sourceTree = "<group>";
		};
		0B0E6D352ABB8E2A00EC62EE /* ViewModels */ = {
			isa = PBXGroup;
			children = (
				0B6A47C12ABC9157000CBDA3 /* FeedDataManager.swift */,
				0B6A47C52ABC998A000CBDA3 /* FeedViewModel.swift */,
				0BD1942C2B06681B00C1C35F /* ForYouViewModel.swift */,
			);
			path = ViewModels;
			sourceTree = "<group>";
		};
		0B6495512AB0A4EF000E57AF /* Utils */ = {
			isa = PBXGroup;
			children = (
				0B6495522AB0A51F000E57AF /* Validator.swift */,
				0BE1E17D2AD5B84A00645AA0 /* Location.swift */,
			);
			path = Utils;
			sourceTree = "<group>";
		};
		0B6495572AB1EB46000E57AF /* Extensions */ = {
			isa = PBXGroup;
			children = (
				0BF5B4A32AB34DD300DEC403 /* ColorExtensions.swift */,
				0B2E987F2AB907340013301D /* UIImage.swift */,
				0BF81DC52ABE36EB00B8892E /* Fonts.swift */,
				0BCBC18D2ACDC2FF00992D8E /* View.swift */,
				0BF5B4A52AB353CB00DEC403 /* TextField.swift */,
				0BF81DBF2ABDF00300B8892E /* DateFormatter.swift */,
				0B3B32DE2AF013DD00E1E0B0 /* Binding.swift */,
				0B8AA3CA2AFE8817008284F5 /* MapKit.swift */,
			);
			path = Extensions;
			sourceTree = "<group>";
		};
		0B6495582AB1FD04000E57AF /* Core */ = {
			isa = PBXGroup;
			children = (
				0BCBC1952ACDFEC700992D8E /* ViewModels */,
				0B77EA4C2AAF875D00C8DF87 /* Components */,
				0B0183542AB3BEFB008E887F /* MyProfile */,
				0B0183672AB3C169008E887F /* UserProfile */,
				0B695D762AF131DD00C11870 /* MyConnections */,
				0BA038392AF24C47000A2B33 /* UserConnections */,
				0BF5B4A72AB3757000DEC403 /* Home */,
				0B64C4C62AB4BDB4009F0D43 /* Settings */,
				0B0183612AB3C0B1008E887F /* Place */,
				0B01835B2AB3C079008E887F /* Notifications */,
				0B0183532AB3BEF4008E887F /* Leaderboard */,
				0BF5B4AB2AB375C200DEC403 /* Map */,
				0B64955D2AB1FD8F000E57AF /* NotFound */,
				0B6495592AB1FD16000E57AF /* Authenticate */,
				0B46814C2AC5EAFB009C5EF9 /* FirstLoadingView.swift */,
			);
			path = Core;
			sourceTree = "<group>";
		};
		0B6495592AB1FD16000E57AF /* Authenticate */ = {
			isa = PBXGroup;
			children = (
				0B64955B2AB1FD49000E57AF /* Views */,
			);
			path = Authenticate;
			sourceTree = "<group>";
		};
		0B64955B2AB1FD49000E57AF /* Views */ = {
			isa = PBXGroup;
			children = (
				0B77EA4F2AAF8C3B00C8DF87 /* WelcomeView.swift */,
				0B77EA4D2AAF889100C8DF87 /* SignUpView.swift */,
				0BF5B49E2AB3487900DEC403 /* SignInView.swift */,
			);
			path = Views;
			sourceTree = "<group>";
		};
		0B64955D2AB1FD8F000E57AF /* NotFound */ = {
			isa = PBXGroup;
			children = (
				0B64955E2AB1FD99000E57AF /* Views */,
			);
			path = NotFound;
			sourceTree = "<group>";
		};
		0B64955E2AB1FD99000E57AF /* Views */ = {
			isa = PBXGroup;
			children = (
				0B77EA622AB08EDE00C8DF87 /* NotFoundView.swift */,
			);
			path = Views;
			sourceTree = "<group>";
		};
		0B64C4C62AB4BDB4009F0D43 /* Settings */ = {
			isa = PBXGroup;
			children = (
				0B64C4C72AB4BDBB009F0D43 /* Views */,
			);
			path = Settings;
			sourceTree = "<group>";
		};
		0B64C4C72AB4BDBB009F0D43 /* Views */ = {
			isa = PBXGroup;
			children = (
				0B64C4C82AB4BDC6009F0D43 /* SettingsView.swift */,
			);
			path = Views;
			sourceTree = "<group>";
		};
		0B695D762AF131DD00C11870 /* MyConnections */ = {
			isa = PBXGroup;
			children = (
				0B695D7D2AF15EEE00C11870 /* ConnectionsDataManager.swift */,
				0B695D7A2AF14DF200C11870 /* ViewModels */,
				0B695D772AF131EC00C11870 /* Views */,
			);
			path = MyConnections;
			sourceTree = "<group>";
		};
		0B695D772AF131EC00C11870 /* Views */ = {
			isa = PBXGroup;
			children = (
				0B695D782AF131FB00C11870 /* MyConnections.swift */,
			);
			path = Views;
			sourceTree = "<group>";
		};
		0B695D7A2AF14DF200C11870 /* ViewModels */ = {
			isa = PBXGroup;
			children = (
				0B695D7B2AF14E0C00C11870 /* MyConnectionsViewModel.swift */,
			);
			path = ViewModels;
			sourceTree = "<group>";
		};
		0B6E990D2AC7626300D8CE26 /* ViewModels */ = {
			isa = PBXGroup;
			children = (
				0B6E990E2AC7627700D8CE26 /* LeaderboardViewModel.swift */,
			);
			path = ViewModels;
			sourceTree = "<group>";
		};
		0B6E99102AC7628800D8CE26 /* DataManagers */ = {
			isa = PBXGroup;
			children = (
				0B6E99112AC7629A00D8CE26 /* LeaderboardDataManager.swift */,
			);
			path = DataManagers;
			sourceTree = "<group>";
		};
		0B77EA2E2AAF855500C8DF87 = {
			isa = PBXGroup;
			children = (
				0B77EA392AAF855500C8DF87 /* PhantomPhood */,
				0B77EA382AAF855500C8DF87 /* Products */,
			);
			sourceTree = "<group>";
		};
		0B77EA382AAF855500C8DF87 /* Products */ = {
			isa = PBXGroup;
			children = (
				0B77EA372AAF855500C8DF87 /* PhantomPhood.app */,
			);
			name = Products;
			sourceTree = "<group>";
		};
		0B77EA392AAF855500C8DF87 /* PhantomPhood */ = {
			isa = PBXGroup;
			children = (
				0BF5B4AF2AB377C600DEC403 /* Info.plist */,
				0B77EA592AAFDA1A00C8DF87 /* PhantomPhood.entitlements */,
				0B77EA3A2AAF855500C8DF87 /* PhantomPhoodApp.swift */,
				0B77EA3C2AAF855500C8DF87 /* ContentView.swift */,
				0BB37E9B2ABA52C7009E1272 /* Shaders.metal */,
				0B96D66B2AD2E73500612C27 /* LocationManager.swift */,
				0BF81DC72ABE398400B8892E /* Fonts */,
				0B6495572AB1EB46000E57AF /* Extensions */,
				0B6495582AB1FD04000E57AF /* Core */,
				0B6495512AB0A4EF000E57AF /* Utils */,
				0B77EA542AAFCA9700C8DF87 /* LottieFiles */,
				0B77EA492AAF871E00C8DF87 /* Models */,
				0B77EA3E2AAF855600C8DF87 /* Assets.xcassets */,
				0BF81DC32ABE369500B8892E /* CustomFonts.swift */,
				0B77EA402AAF855600C8DF87 /* Preview Content */,
			);
			path = PhantomPhood;
			sourceTree = "<group>";
		};
		0B77EA402AAF855600C8DF87 /* Preview Content */ = {
			isa = PBXGroup;
			children = (
				0B77EA412AAF855600C8DF87 /* Preview Assets.xcassets */,
				0BE8EC7B2ABCD54200512872 /* Utils.swift */,
			);
			path = "Preview Content";
			sourceTree = "<group>";
		};
		0B77EA492AAF871E00C8DF87 /* Models */ = {
			isa = PBXGroup;
			children = (
				0BF5B4B02AB3782300DEC403 /* NavStacks */,
				0B77EA5A2AAFE31300C8DF87 /* Authentication.swift */,
				0B6495552AB10F5E000E57AF /* APIManager.swift */,
				0BF5B49C2AB292D500DEC403 /* KeychainHelper.swift */,
				0BF5B4BB2AB37B8200DEC403 /* AppData.swift */,
				0B6A47C32ABC9806000CBDA3 /* FeedItem.swift */,
				0B0E6D2D2ABB676300EC62EE /* Place.swift */,
				0B0E6D332ABB872F00EC62EE /* Reaction.swift */,
				0B0E6D2F2ABB814F00EC62EE /* Review.swift */,
				0B0E6D312ABB816F00EC62EE /* Checkin.swift */,
				0B0E6D272ABB242700EC62EE /* Comment.swift */,
				0B997B622AC70E1A00579C9C /* Notification.swift */,
				0B0E6D292ABB24AB00EC62EE /* User.swift */,
				0BF5B4B32AB3787200DEC403 /* Tab.swift */,
				0BF17BAA2AF2FDE800D87812 /* GeneralTypes.swift */,
			);
			path = Models;
			sourceTree = "<group>";
		};
		0B77EA4C2AAF875D00C8DF87 /* Components */ = {
			isa = PBXGroup;
			children = (
				0B64C4CC2AB4CCA1009F0D43 /* DataCard.swift */,
				0B6839912AEC335D0082661A /* ReportView.swift */,
				0B37ABF92AD6EC7A00E8D4BC /* SearchView.swift */,
				0BC84A6A2AD071EE00D723AA /* SelectReactionsView.swift */,
				0BC84A682AD06F8200D723AA /* WrappingHStack.swift */,
				0BC84A642AD0339F00D723AA /* ReactionLabel.swift */,
				0B51A8D52ACEC61000DA38DC /* MediasView.swift */,
				0BDBD3C92ACB32B7003B8D2D /* PhantomScoreView.swift */,
				0BDBD3CB2ACB5FCD003B8D2D /* GoogleRatingView.swift */,
				0BCBC1932ACDF30600992D8E /* CommentsView.swift */,
				0BAE47332ACC93B8001FBDAF /* PlaceScoreRange.swift */,
				0BAE472F2ACC68FD001FBDAF /* YelpRatingView.swift */,
				0B77EA572AAFCDBD00C8DF87 /* LottieView.swift */,
				0B46814E2AC5EB6B009C5EF9 /* CircleLabelView.swift */,
				0BE3118D2AC4842700CF9BA5 /* ReviewVideoView.swift */,
				0B013EED2AB7559E003CB57F /* LevelView.swift */,
				0B9307F22B0709F1005FA1C3 /* ProfileImage.swift */,
			);
			path = Components;
			sourceTree = "<group>";
		};
		0B77EA542AAFCA9700C8DF87 /* LottieFiles */ = {
			isa = PBXGroup;
			children = (
				0B77EA552AAFCAA800C8DF87 /* Welcome.json */,
			);
			path = LottieFiles;
			sourceTree = "<group>";
		};
		0B985ADE2AC9AFA500019A06 /* DataManagers */ = {
			isa = PBXGroup;
			children = (
				0B985AE02AC9AFC200019A06 /* PlaceDataManager.swift */,
			);
			path = DataManagers;
			sourceTree = "<group>";
		};
		0B985ADF2AC9AFAB00019A06 /* ViewModels */ = {
			isa = PBXGroup;
			children = (
				0B985AE22AC9AFCA00019A06 /* PlaceViewModel.swift */,
				0BCBC18F2ACDEDDE00992D8E /* PlaceReviewsViewModel.swift */,
				0BC84A702AD0A8B100D723AA /* PlaceMediaViewModel.swift */,
				0BE1E1792AD498C200645AA0 /* AddReviewViewModel.swift */,
			);
			path = ViewModels;
			sourceTree = "<group>";
		};
		0B997B642AC7119300579C9C /* ViewModels */ = {
			isa = PBXGroup;
			children = (
				0B997B652AC711A300579C9C /* NotificationsViewModel.swift */,
				0B997B672AC7139000579C9C /* NotificationsDataManager.swift */,
			);
			path = ViewModels;
			sourceTree = "<group>";
		};
		0B997B6B2AC7378200579C9C /* ViewModels */ = {
			isa = PBXGroup;
			children = (
				0B997B692AC7377C00579C9C /* UserProfileViewModel.swift */,
				0B83A0C62AF3F8110096780B /* UserProfileCheckinsVM.swift */,
				0B83A0CE2AF434090096780B /* UserProfileActivityVM.swift */,
			);
			path = ViewModels;
			sourceTree = "<group>";
		};
		0B997B6C2AC7380B00579C9C /* DataManagers */ = {
			isa = PBXGroup;
			children = (
				0B997B6D2AC7381700579C9C /* UserProfileDataManager.swift */,
			);
			path = DataManagers;
			sourceTree = "<group>";
		};
		0BA038392AF24C47000A2B33 /* UserConnections */ = {
			isa = PBXGroup;
			children = (
				0BA0383B2AF24C5F000A2B33 /* ViewModels */,
				0BA0383A2AF24C50000A2B33 /* Views */,
			);
			path = UserConnections;
			sourceTree = "<group>";
		};
		0BA0383A2AF24C50000A2B33 /* Views */ = {
			isa = PBXGroup;
			children = (
				0BA0383E2AF24C96000A2B33 /* UserConnectionsView.swift */,
			);
			path = Views;
			sourceTree = "<group>";
		};
		0BA0383B2AF24C5F000A2B33 /* ViewModels */ = {
			isa = PBXGroup;
			children = (
				0BA038402AF24CE6000A2B33 /* UserConnectionsViewModel.swift */,
			);
			path = ViewModels;
			sourceTree = "<group>";
		};
		0BB37E982ABA0CC2009E1272 /* ViewModels */ = {
			isa = PBXGroup;
			children = (
				0BB37E992ABA0CD6009E1272 /* MapViewModel.swift */,
			);
			path = ViewModels;
			sourceTree = "<group>";
		};
		0BCBC1952ACDFEC700992D8E /* ViewModels */ = {
			isa = PBXGroup;
			children = (
				0BCBC1912ACDF22100992D8E /* CommentsViewModel.swift */,
				0B37ABFB2AD7408E00E8D4BC /* ToastViewModel.swift */,
				0BE1E17B2AD5A38A00645AA0 /* SearchViewModel.swift */,
				0B51A8D32ACEC58400DA38DC /* MediasViewModel.swift */,
				0BC84A662AD0449300D723AA /* ReactionsViewModel.swift */,
				0BC84A6C2AD08A6D00D723AA /* SelectReactionsViewModel.swift */,
			);
			path = ViewModels;
			sourceTree = "<group>";
		};
		0BEC8C842AB7B07600B94AFC /* ViewModels */ = {
			isa = PBXGroup;
			children = (
				0BEC8C852AB7B08600B94AFC /* EditProfileViewModel.swift */,
				0BF17BA82AF2FAA500D87812 /* ProfileCheckinsVM.swift */,
				0B83A0CA2AF403510096780B /* ProfileActivityVm.swift */,
			);
			path = ViewModels;
			sourceTree = "<group>";
		};
		0BF5B4A72AB3757000DEC403 /* Home */ = {
			isa = PBXGroup;
			children = (
				0B0E6D352ABB8E2A00EC62EE /* ViewModels */,
				0B0E6D1E2ABB05CF00EC62EE /* Components */,
				0BF5B4AA2AB3758200DEC403 /* Views */,
			);
			path = Home;
			sourceTree = "<group>";
		};
		0BF5B4AA2AB3758200DEC403 /* Views */ = {
			isa = PBXGroup;
			children = (
				0BF5B4A82AB3758000DEC403 /* HomeView.swift */,
				0BB37E9D2ABA6D84009E1272 /* FeedView.swift */,
				0B4016742B046AA5000F1263 /* ForYouView.swift */,
			);
			path = Views;
			sourceTree = "<group>";
		};
		0BF5B4AB2AB375C200DEC403 /* Map */ = {
			isa = PBXGroup;
			children = (
				0BB37E982ABA0CC2009E1272 /* ViewModels */,
				0BF5B4AC2AB375C700DEC403 /* Views */,
			);
			path = Map;
			sourceTree = "<group>";
		};
		0BF5B4AC2AB375C700DEC403 /* Views */ = {
			isa = PBXGroup;
			children = (
				0BF5B4AD2AB375D500DEC403 /* MapView.swift */,
				0BA388922AD96D7100C74880 /* MapView17.swift */,
				0BA388942AD974A100C74880 /* MapView16.swift */,
				0BF0A7862AD874520058BAE9 /* MapPlaceMarker.swift */,
			);
			path = Views;
			sourceTree = "<group>";
		};
		0BF5B4B02AB3782300DEC403 /* NavStacks */ = {
			isa = PBXGroup;
			children = (
				0BF5B4B12AB3784300DEC403 /* HomeStack.swift */,
				0BF5B4B52AB37AB700DEC403 /* MapStack.swift */,
				0BF5B4B72AB37AFB00DEC403 /* LeaderboardStack.swift */,
				0B01836B2AB3C1AF008E887F /* MyProfileStack.swift */,
				0B01836F2AB3DE8A008E887F /* AuthStack.swift */,
			);
			path = NavStacks;
			sourceTree = "<group>";
		};
		0BF81DC72ABE398400B8892E /* Fonts */ = {
			isa = PBXGroup;
			children = (
				0BF81DC82ABE398D00B8892E /* Poppins-Black.ttf */,
				0BF81DCB2ABE398E00B8892E /* Poppins-BlackItalic.ttf */,
				0BF81DD32ABE398E00B8892E /* Poppins-Bold.ttf */,
				0BF81DD52ABE398E00B8892E /* Poppins-BoldItalic.ttf */,
				0BF81DD12ABE398E00B8892E /* Poppins-ExtraBold.ttf */,
				0BF81DCF2ABE398E00B8892E /* Poppins-ExtraBoldItalic.ttf */,
				0BF81DD72ABE398E00B8892E /* Poppins-ExtraLight.ttf */,
				0BF81DD92ABE398E00B8892E /* Poppins-ExtraLightItalic.ttf */,
				0BF81DD82ABE398E00B8892E /* Poppins-Italic.ttf */,
				0BF81DCE2ABE398E00B8892E /* Poppins-Light.ttf */,
				0BF81DC92ABE398D00B8892E /* Poppins-LightItalic.ttf */,
				0BF81DD22ABE398E00B8892E /* Poppins-Medium.ttf */,
				0BF81DD62ABE398E00B8892E /* Poppins-MediumItalic.ttf */,
				0BF81DD02ABE398E00B8892E /* Poppins-Regular.ttf */,
				0BF81DCA2ABE398D00B8892E /* Poppins-SemiBold.ttf */,
				0BF81DCC2ABE398E00B8892E /* Poppins-SemiBoldItalic.ttf */,
				0BF81DCD2ABE398E00B8892E /* Poppins-Thin.ttf */,
				0BF81DD42ABE398E00B8892E /* Poppins-ThinItalic.ttf */,
			);
			path = Fonts;
			sourceTree = "<group>";
		};
/* End PBXGroup section */

/* Begin PBXNativeTarget section */
		0B77EA362AAF855500C8DF87 /* PhantomPhood */ = {
			isa = PBXNativeTarget;
			buildConfigurationList = 0B77EA452AAF855600C8DF87 /* Build configuration list for PBXNativeTarget "PhantomPhood" */;
			buildPhases = (
				0B77EA332AAF855500C8DF87 /* Sources */,
				0B77EA342AAF855500C8DF87 /* Frameworks */,
				0B77EA352AAF855500C8DF87 /* Resources */,
			);
			buildRules = (
			);
			dependencies = (
			);
			name = PhantomPhood;
			packageProductDependencies = (
				0B77EA522AAF8CB800C8DF87 /* Lottie */,
				0B67C8B62AF0539E002781B3 /* Kingfisher */,
				0B40166F2B045D56000F1263 /* SwiftUIPager */,
				0B4016722B046A83000F1263 /* VideoPlayer */,
			);
			productName = PhantomPhood;
			productReference = 0B77EA372AAF855500C8DF87 /* PhantomPhood.app */;
			productType = "com.apple.product-type.application";
		};
/* End PBXNativeTarget section */

/* Begin PBXProject section */
		0B77EA2F2AAF855500C8DF87 /* Project object */ = {
			isa = PBXProject;
			attributes = {
				BuildIndependentTargetsInParallel = 1;
				LastSwiftUpdateCheck = 1430;
				LastUpgradeCheck = 1500;
				TargetAttributes = {
					0B77EA362AAF855500C8DF87 = {
						CreatedOnToolsVersion = 14.3.1;
					};
				};
			};
			buildConfigurationList = 0B77EA322AAF855500C8DF87 /* Build configuration list for PBXProject "PhantomPhood" */;
			compatibilityVersion = "Xcode 14.0";
			developmentRegion = en;
			hasScannedForEncodings = 0;
			knownRegions = (
				en,
				Base,
			);
			mainGroup = 0B77EA2E2AAF855500C8DF87;
			packageReferences = (
				0B77EA512AAF8CB800C8DF87 /* XCRemoteSwiftPackageReference "lottie-ios" */,
				0B67C8B52AF0539E002781B3 /* XCRemoteSwiftPackageReference "Kingfisher" */,
				0B40166E2B045D56000F1263 /* XCRemoteSwiftPackageReference "SwiftUIPager" */,
				0B4016712B046A83000F1263 /* XCRemoteSwiftPackageReference "VideoPlayer" */,
			);
			productRefGroup = 0B77EA382AAF855500C8DF87 /* Products */;
			projectDirPath = "";
			projectRoot = "";
			targets = (
				0B77EA362AAF855500C8DF87 /* PhantomPhood */,
			);
		};
/* End PBXProject section */

/* Begin PBXResourcesBuildPhase section */
		0B77EA352AAF855500C8DF87 /* Resources */ = {
			isa = PBXResourcesBuildPhase;
			buildActionMask = 2147483647;
			files = (
				0BF81DDA2ABE398E00B8892E /* Poppins-Black.ttf in Resources */,
				0BF81DE62ABE398E00B8892E /* Poppins-ThinItalic.ttf in Resources */,
				0BF81DE42ABE398E00B8892E /* Poppins-Medium.ttf in Resources */,
				0BF81DE02ABE398E00B8892E /* Poppins-Light.ttf in Resources */,
				0BF81DDE2ABE398E00B8892E /* Poppins-SemiBoldItalic.ttf in Resources */,
				0BF81DE22ABE398E00B8892E /* Poppins-Regular.ttf in Resources */,
				0BF81DDD2ABE398E00B8892E /* Poppins-BlackItalic.ttf in Resources */,
				0BF81DE82ABE398E00B8892E /* Poppins-MediumItalic.ttf in Resources */,
				0BF81DDF2ABE398E00B8892E /* Poppins-Thin.ttf in Resources */,
				0BF81DE52ABE398E00B8892E /* Poppins-Bold.ttf in Resources */,
				0BF81DE72ABE398E00B8892E /* Poppins-BoldItalic.ttf in Resources */,
				0BF81DDB2ABE398E00B8892E /* Poppins-LightItalic.ttf in Resources */,
				0BF81DE12ABE398E00B8892E /* Poppins-ExtraBoldItalic.ttf in Resources */,
				0B77EA422AAF855600C8DF87 /* Preview Assets.xcassets in Resources */,
				0BF81DE92ABE398E00B8892E /* Poppins-ExtraLight.ttf in Resources */,
				0BF81DEB2ABE398E00B8892E /* Poppins-ExtraLightItalic.ttf in Resources */,
				0BF81DDC2ABE398E00B8892E /* Poppins-SemiBold.ttf in Resources */,
				0B77EA3F2AAF855600C8DF87 /* Assets.xcassets in Resources */,
				0B77EA562AAFCAA800C8DF87 /* Welcome.json in Resources */,
				0BF81DEA2ABE398E00B8892E /* Poppins-Italic.ttf in Resources */,
				0BF81DE32ABE398E00B8892E /* Poppins-ExtraBold.ttf in Resources */,
			);
			runOnlyForDeploymentPostprocessing = 0;
		};
/* End PBXResourcesBuildPhase section */

/* Begin PBXSourcesBuildPhase section */
		0B77EA332AAF855500C8DF87 /* Sources */ = {
			isa = PBXSourcesBuildPhase;
			buildActionMask = 2147483647;
			files = (
				0BAE47302ACC68FD001FBDAF /* YelpRatingView.swift in Sources */,
				0B6E99122AC7629A00D8CE26 /* LeaderboardDataManager.swift in Sources */,
				0BD1942D2B06681B00C1C35F /* ForYouViewModel.swift in Sources */,
				0BC84A712AD0A8B100D723AA /* PlaceMediaViewModel.swift in Sources */,
				0BAE473A2ACC9A20001FBDAF /* PlaceReviewView.swift in Sources */,
				0B83A0C72AF3F8110096780B /* UserProfileCheckinsVM.swift in Sources */,
				0B37ABFC2AD7408E00E8D4BC /* ToastViewModel.swift in Sources */,
				0B997B662AC711A300579C9C /* NotificationsViewModel.swift in Sources */,
				0BCBC1902ACDEDDE00992D8E /* PlaceReviewsViewModel.swift in Sources */,
				0B0E6D222ABB077B00EC62EE /* FeedItemTemplate.swift in Sources */,
				0B83A0CF2AF434090096780B /* UserProfileActivityVM.swift in Sources */,
				0B4016752B046AA5000F1263 /* ForYouView.swift in Sources */,
				0BEC8C862AB7B08600B94AFC /* EditProfileViewModel.swift in Sources */,
				0BF81DC02ABDF00300B8892E /* DateFormatter.swift in Sources */,
				0BF81DC42ABE369500B8892E /* CustomFonts.swift in Sources */,
				0BB37E9C2ABA52C7009E1272 /* Shaders.metal in Sources */,
				0B77EA3D2AAF855500C8DF87 /* ContentView.swift in Sources */,
				0BEE15262AB5028400DF7211 /* MyProfile.swift in Sources */,
				0B6839922AEC335D0082661A /* ReportView.swift in Sources */,
				0B013EF02AB78BA5003CB57F /* EditProfileView.swift in Sources */,
				0B64C4CD2AB4CCA1009F0D43 /* DataCard.swift in Sources */,
				0B01836A2AB3C179008E887F /* UserProfileView.swift in Sources */,
				0BC84A6B2AD071EE00D723AA /* SelectReactionsView.swift in Sources */,
				0BA388952AD974A100C74880 /* MapView16.swift in Sources */,
				0B0E6D282ABB242700EC62EE /* Comment.swift in Sources */,
				0B51A8D42ACEC58400DA38DC /* MediasViewModel.swift in Sources */,
				0B4681512AC61D49009C5EF9 /* FeedCheckinView.swift in Sources */,
				0B6A47C22ABC9157000CBDA3 /* FeedDataManager.swift in Sources */,
				0BAE47342ACC93B8001FBDAF /* PlaceScoreRange.swift in Sources */,
				0BE8EC7A2ABCD3BA00512872 /* FeedFollowingView.swift in Sources */,
				0B83A0C52AF3F7EF0096780B /* UserProfileCheckins.swift in Sources */,
				0B51A8D62ACEC61000DA38DC /* MediasView.swift in Sources */,
				0B997B6A2AC7377C00579C9C /* UserProfileViewModel.swift in Sources */,
				0BF5B4B62AB37AB700DEC403 /* MapStack.swift in Sources */,
				0B997B702AC74BFA00579C9C /* UserProfileStats.swift in Sources */,
				0BE3118E2AC4842700CF9BA5 /* ReviewVideoView.swift in Sources */,
				0B695D7C2AF14E0C00C11870 /* MyConnectionsViewModel.swift in Sources */,
				0B37ABFA2AD6EC7A00E8D4BC /* SearchView.swift in Sources */,
				0BD1942B2B06677600C1C35F /* ForYouItem.swift in Sources */,
				0BA0383F2AF24C96000A2B33 /* UserConnectionsView.swift in Sources */,
				0BE1E17C2AD5A38A00645AA0 /* SearchViewModel.swift in Sources */,
				0BB37E9E2ABA6D84009E1272 /* FeedView.swift in Sources */,
				0BAE47322ACC91DF001FBDAF /* PlaceReviewsView.swift in Sources */,
				0B01836C2AB3C1AF008E887F /* MyProfileStack.swift in Sources */,
				0BB805862AC203EB0074155D /* FeedReviewView.swift in Sources */,
				0BEE152A2AB50A8800DF7211 /* ProfileStats.swift in Sources */,
				0B997B632AC70E1A00579C9C /* Notification.swift in Sources */,
				0BF5B4AE2AB375D500DEC403 /* MapView.swift in Sources */,
				0B985AE12AC9AFC200019A06 /* PlaceDataManager.swift in Sources */,
				0BC84A6D2AD08A6D00D723AA /* SelectReactionsViewModel.swift in Sources */,
				0B96D66C2AD2E73500612C27 /* LocationManager.swift in Sources */,
				0BA038412AF24CE6000A2B33 /* UserConnectionsViewModel.swift in Sources */,
				0B6495532AB0A51F000E57AF /* Validator.swift in Sources */,
				0BC84A6F2AD0A83900D723AA /* PlaceMediaView.swift in Sources */,
				0B997B682AC7139000579C9C /* NotificationsDataManager.swift in Sources */,
				0BF17BAB2AF2FDE800D87812 /* GeneralTypes.swift in Sources */,
				0B6495562AB10F5E000E57AF /* APIManager.swift in Sources */,
				0BF5B4A62AB353CB00DEC403 /* TextField.swift in Sources */,
				0B9307F32B0709F1005FA1C3 /* ProfileImage.swift in Sources */,
				0B6E990F2AC7627700D8CE26 /* LeaderboardViewModel.swift in Sources */,
				0B6A47C42ABC9806000CBDA3 /* FeedItem.swift in Sources */,
				0BC84A652AD0339F00D723AA /* ReactionLabel.swift in Sources */,
				0B997B6E2AC7381700579C9C /* UserProfileDataManager.swift in Sources */,
				0B985AE32AC9AFCA00019A06 /* PlaceViewModel.swift in Sources */,
				0B77EA3B2AAF855500C8DF87 /* PhantomPhoodApp.swift in Sources */,
				0B77EA582AAFCDBD00C8DF87 /* LottieView.swift in Sources */,
				0B695D792AF131FB00C11870 /* MyConnections.swift in Sources */,
				0B83A0C92AF4032D0096780B /* ProfileActivity.swift in Sources */,
				0BE1E17E2AD5B84A00645AA0 /* Location.swift in Sources */,
				0B0E6D302ABB814F00EC62EE /* Review.swift in Sources */,
				0BF5B4B82AB37AFB00DEC403 /* LeaderboardStack.swift in Sources */,
				0B0E6D2A2ABB24AB00EC62EE /* User.swift in Sources */,
				0B77EA4E2AAF889100C8DF87 /* SignUpView.swift in Sources */,
				0BE8EC7C2ABCD54200512872 /* Utils.swift in Sources */,
				0BF5B49F2AB3487900DEC403 /* SignInView.swift in Sources */,
				0BF5B49D2AB292D500DEC403 /* KeychainHelper.swift in Sources */,
				0B83A0CD2AF433D50096780B /* UserProfileActivity.swift in Sources */,
				0B77EA5B2AAFE31300C8DF87 /* Authentication.swift in Sources */,
				0BF5B4A92AB3758000DEC403 /* HomeView.swift in Sources */,
				0B013EEE2AB7559E003CB57F /* LevelView.swift in Sources */,
				0BF17BA92AF2FAA500D87812 /* ProfileCheckinsVM.swift in Sources */,
				0B0183582AB3BF16008E887F /* LeaderboardView.swift in Sources */,
				0B2E98802AB907340013301D /* UIImage.swift in Sources */,
				0B0183602AB3C09A008E887F /* NotificationsView.swift in Sources */,
				0BE1E17A2AD498C200645AA0 /* AddReviewViewModel.swift in Sources */,
				0B0E6D2E2ABB676300EC62EE /* Place.swift in Sources */,
				0BCBC18E2ACDC2FF00992D8E /* View.swift in Sources */,
				0B0E6D262ABB22ED00EC62EE /* FeedLevelUpView.swift in Sources */,
				0BCBC1942ACDF30600992D8E /* CommentsView.swift in Sources */,
				0B83A0CB2AF403510096780B /* ProfileActivityVm.swift in Sources */,
				0BB02DA42AD34B9E00F65822 /* AddReviewView.swift in Sources */,
				0B6A47C62ABC998A000CBDA3 /* FeedViewModel.swift in Sources */,
				0BF81DC62ABE36EB00B8892E /* Fonts.swift in Sources */,
				0BC84A692AD06F8200D723AA /* WrappingHStack.swift in Sources */,
				0B3B32DF2AF013DD00E1E0B0 /* Binding.swift in Sources */,
				0BCBC1922ACDF22100992D8E /* CommentsViewModel.swift in Sources */,
				0BF0A7872AD874520058BAE9 /* MapPlaceMarker.swift in Sources */,
				0BF5B4BC2AB37B8200DEC403 /* AppData.swift in Sources */,
				0B0183642AB3C0C0008E887F /* PlaceView.swift in Sources */,
				0B46814F2AC5EB6B009C5EF9 /* CircleLabelView.swift in Sources */,
				0B64C4C92AB4BDC6009F0D43 /* SettingsView.swift in Sources */,
				0B695D7E2AF15EEE00C11870 /* ConnectionsDataManager.swift in Sources */,
				0B77EA502AAF8C3B00C8DF87 /* WelcomeView.swift in Sources */,
				0B77EA632AB08EDE00C8DF87 /* NotFoundView.swift in Sources */,
				0BDBD3C82ACB0E8B003B8D2D /* PlaceOverviewView.swift in Sources */,
				0B8AA3CB2AFE8817008284F5 /* MapKit.swift in Sources */,
				0BF5B4B22AB3784300DEC403 /* HomeStack.swift in Sources */,
				0B0E6D322ABB816F00EC62EE /* Checkin.swift in Sources */,
				0BF17BA72AF2F93F00D87812 /* ProfileCheckins.swift in Sources */,
				0B46814D2AC5EAFB009C5EF9 /* FirstLoadingView.swift in Sources */,
				0BF5B4B42AB3787200DEC403 /* Tab.swift in Sources */,
				0BDBD3CC2ACB5FCD003B8D2D /* GoogleRatingView.swift in Sources */,
				0B0183702AB3DE8A008E887F /* AuthStack.swift in Sources */,
				0BDBD3CA2ACB32B7003B8D2D /* PhantomScoreView.swift in Sources */,
				0BA388932AD96D7100C74880 /* MapView17.swift in Sources */,
				0B0E6D342ABB872F00EC62EE /* Reaction.swift in Sources */,
				0BF5B4A42AB34DD300DEC403 /* ColorExtensions.swift in Sources */,
				0BB37E9A2ABA0CD6009E1272 /* MapViewModel.swift in Sources */,
				0BC84A672AD0449300D723AA /* ReactionsViewModel.swift in Sources */,
			);
			runOnlyForDeploymentPostprocessing = 0;
		};
/* End PBXSourcesBuildPhase section */

/* Begin XCBuildConfiguration section */
		0B77EA432AAF855600C8DF87 /* Debug */ = {
			isa = XCBuildConfiguration;
			buildSettings = {
				ALWAYS_SEARCH_USER_PATHS = NO;
				CLANG_ANALYZER_NONNULL = YES;
				CLANG_ANALYZER_NUMBER_OBJECT_CONVERSION = YES_AGGRESSIVE;
				CLANG_CXX_LANGUAGE_STANDARD = "gnu++20";
				CLANG_ENABLE_MODULES = YES;
				CLANG_ENABLE_OBJC_ARC = YES;
				CLANG_ENABLE_OBJC_WEAK = YES;
				CLANG_WARN_BLOCK_CAPTURE_AUTORELEASING = YES;
				CLANG_WARN_BOOL_CONVERSION = YES;
				CLANG_WARN_COMMA = YES;
				CLANG_WARN_CONSTANT_CONVERSION = YES;
				CLANG_WARN_DEPRECATED_OBJC_IMPLEMENTATIONS = YES;
				CLANG_WARN_DIRECT_OBJC_ISA_USAGE = YES_ERROR;
				CLANG_WARN_DOCUMENTATION_COMMENTS = YES;
				CLANG_WARN_EMPTY_BODY = YES;
				CLANG_WARN_ENUM_CONVERSION = YES;
				CLANG_WARN_INFINITE_RECURSION = YES;
				CLANG_WARN_INT_CONVERSION = YES;
				CLANG_WARN_NON_LITERAL_NULL_CONVERSION = YES;
				CLANG_WARN_OBJC_IMPLICIT_RETAIN_SELF = YES;
				CLANG_WARN_OBJC_LITERAL_CONVERSION = YES;
				CLANG_WARN_OBJC_ROOT_CLASS = YES_ERROR;
				CLANG_WARN_QUOTED_INCLUDE_IN_FRAMEWORK_HEADER = YES;
				CLANG_WARN_RANGE_LOOP_ANALYSIS = YES;
				CLANG_WARN_STRICT_PROTOTYPES = YES;
				CLANG_WARN_SUSPICIOUS_MOVE = YES;
				CLANG_WARN_UNGUARDED_AVAILABILITY = YES_AGGRESSIVE;
				CLANG_WARN_UNREACHABLE_CODE = YES;
				CLANG_WARN__DUPLICATE_METHOD_MATCH = YES;
				COPY_PHASE_STRIP = NO;
				DEBUG_INFORMATION_FORMAT = dwarf;
				ENABLE_STRICT_OBJC_MSGSEND = YES;
				ENABLE_TESTABILITY = YES;
				ENABLE_USER_SCRIPT_SANDBOXING = YES;
				GCC_C_LANGUAGE_STANDARD = gnu11;
				GCC_DYNAMIC_NO_PIC = NO;
				GCC_NO_COMMON_BLOCKS = YES;
				GCC_OPTIMIZATION_LEVEL = 0;
				GCC_PREPROCESSOR_DEFINITIONS = (
					"DEBUG=1",
					"$(inherited)",
				);
				GCC_WARN_64_TO_32_BIT_CONVERSION = YES;
				GCC_WARN_ABOUT_RETURN_TYPE = YES_ERROR;
				GCC_WARN_UNDECLARED_SELECTOR = YES;
				GCC_WARN_UNINITIALIZED_AUTOS = YES_AGGRESSIVE;
				GCC_WARN_UNUSED_FUNCTION = YES;
				GCC_WARN_UNUSED_VARIABLE = YES;
				IPHONEOS_DEPLOYMENT_TARGET = 16.4;
				MTL_ENABLE_DEBUG_INFO = INCLUDE_SOURCE;
				MTL_FAST_MATH = YES;
				ONLY_ACTIVE_ARCH = YES;
				SDKROOT = iphoneos;
				SWIFT_ACTIVE_COMPILATION_CONDITIONS = DEBUG;
				SWIFT_OPTIMIZATION_LEVEL = "-Onone";
			};
			name = Debug;
		};
		0B77EA442AAF855600C8DF87 /* Release */ = {
			isa = XCBuildConfiguration;
			buildSettings = {
				ALWAYS_SEARCH_USER_PATHS = NO;
				CLANG_ANALYZER_NONNULL = YES;
				CLANG_ANALYZER_NUMBER_OBJECT_CONVERSION = YES_AGGRESSIVE;
				CLANG_CXX_LANGUAGE_STANDARD = "gnu++20";
				CLANG_ENABLE_MODULES = YES;
				CLANG_ENABLE_OBJC_ARC = YES;
				CLANG_ENABLE_OBJC_WEAK = YES;
				CLANG_WARN_BLOCK_CAPTURE_AUTORELEASING = YES;
				CLANG_WARN_BOOL_CONVERSION = YES;
				CLANG_WARN_COMMA = YES;
				CLANG_WARN_CONSTANT_CONVERSION = YES;
				CLANG_WARN_DEPRECATED_OBJC_IMPLEMENTATIONS = YES;
				CLANG_WARN_DIRECT_OBJC_ISA_USAGE = YES_ERROR;
				CLANG_WARN_DOCUMENTATION_COMMENTS = YES;
				CLANG_WARN_EMPTY_BODY = YES;
				CLANG_WARN_ENUM_CONVERSION = YES;
				CLANG_WARN_INFINITE_RECURSION = YES;
				CLANG_WARN_INT_CONVERSION = YES;
				CLANG_WARN_NON_LITERAL_NULL_CONVERSION = YES;
				CLANG_WARN_OBJC_IMPLICIT_RETAIN_SELF = YES;
				CLANG_WARN_OBJC_LITERAL_CONVERSION = YES;
				CLANG_WARN_OBJC_ROOT_CLASS = YES_ERROR;
				CLANG_WARN_QUOTED_INCLUDE_IN_FRAMEWORK_HEADER = YES;
				CLANG_WARN_RANGE_LOOP_ANALYSIS = YES;
				CLANG_WARN_STRICT_PROTOTYPES = YES;
				CLANG_WARN_SUSPICIOUS_MOVE = YES;
				CLANG_WARN_UNGUARDED_AVAILABILITY = YES_AGGRESSIVE;
				CLANG_WARN_UNREACHABLE_CODE = YES;
				CLANG_WARN__DUPLICATE_METHOD_MATCH = YES;
				COPY_PHASE_STRIP = NO;
				DEBUG_INFORMATION_FORMAT = "dwarf-with-dsym";
				ENABLE_NS_ASSERTIONS = NO;
				ENABLE_STRICT_OBJC_MSGSEND = YES;
				ENABLE_USER_SCRIPT_SANDBOXING = YES;
				GCC_C_LANGUAGE_STANDARD = gnu11;
				GCC_NO_COMMON_BLOCKS = YES;
				GCC_WARN_64_TO_32_BIT_CONVERSION = YES;
				GCC_WARN_ABOUT_RETURN_TYPE = YES_ERROR;
				GCC_WARN_UNDECLARED_SELECTOR = YES;
				GCC_WARN_UNINITIALIZED_AUTOS = YES_AGGRESSIVE;
				GCC_WARN_UNUSED_FUNCTION = YES;
				GCC_WARN_UNUSED_VARIABLE = YES;
				IPHONEOS_DEPLOYMENT_TARGET = 16.4;
				MTL_ENABLE_DEBUG_INFO = NO;
				MTL_FAST_MATH = YES;
				SDKROOT = iphoneos;
				SWIFT_COMPILATION_MODE = wholemodule;
				SWIFT_OPTIMIZATION_LEVEL = "-O";
				VALIDATE_PRODUCT = YES;
			};
			name = Release;
		};
		0B77EA462AAF855600C8DF87 /* Debug */ = {
			isa = XCBuildConfiguration;
			buildSettings = {
				ASSETCATALOG_COMPILER_APPICON_NAME = AppIcon;
				ASSETCATALOG_COMPILER_GLOBAL_ACCENT_COLOR_NAME = AccentColor;
				CODE_SIGN_ENTITLEMENTS = PhantomPhood/PhantomPhood.entitlements;
				CODE_SIGN_STYLE = Automatic;
				CURRENT_PROJECT_VERSION = 1;
				DEVELOPMENT_ASSET_PATHS = "\"PhantomPhood/Preview Content\"";
				DEVELOPMENT_TEAM = BNPN3KK5A7;
				ENABLE_PREVIEWS = YES;
				GENERATE_INFOPLIST_FILE = YES;
				INFOPLIST_FILE = PhantomPhood/Info.plist;
				INFOPLIST_KEY_CFBundleDisplayName = "Phantom Phood";
				INFOPLIST_KEY_LSApplicationCategoryType = "public.app-category.food-and-drink";
				INFOPLIST_KEY_NSLocationAlwaysAndWhenInUseUsageDescription = "This app requires your device location to be able to show the nearest places to you and to personalize suggestions";
				INFOPLIST_KEY_NSLocationWhenInUseUsageDescription = "This app requires your device location to be able to show the nearest places to you and to personalize suggestions";
				INFOPLIST_KEY_UIApplicationSceneManifest_Generation = YES;
				INFOPLIST_KEY_UIApplicationSupportsIndirectInputEvents = YES;
				INFOPLIST_KEY_UILaunchScreen_Generation = YES;
				INFOPLIST_KEY_UIRequiresFullScreen = YES;
				INFOPLIST_KEY_UISupportedInterfaceOrientations = UIInterfaceOrientationPortrait;
				IPHONEOS_DEPLOYMENT_TARGET = 16.0;
				LD_RUNPATH_SEARCH_PATHS = (
					"$(inherited)",
					"@executable_path/Frameworks",
				);
				MARKETING_VERSION = 0.24.0;
				PRODUCT_BUNDLE_IDENTIFIER = ai.phantomphood.app;
				PRODUCT_NAME = "$(TARGET_NAME)";
				SWIFT_EMIT_LOC_STRINGS = YES;
				SWIFT_VERSION = 5.0;
				TARGETED_DEVICE_FAMILY = 1;
			};
			name = Debug;
		};
		0B77EA472AAF855600C8DF87 /* Release */ = {
			isa = XCBuildConfiguration;
			buildSettings = {
				ASSETCATALOG_COMPILER_APPICON_NAME = AppIcon;
				ASSETCATALOG_COMPILER_GLOBAL_ACCENT_COLOR_NAME = AccentColor;
				CODE_SIGN_ENTITLEMENTS = PhantomPhood/PhantomPhood.entitlements;
				CODE_SIGN_STYLE = Automatic;
				CURRENT_PROJECT_VERSION = 1;
				DEVELOPMENT_ASSET_PATHS = "\"PhantomPhood/Preview Content\"";
				DEVELOPMENT_TEAM = BNPN3KK5A7;
				ENABLE_PREVIEWS = YES;
				GENERATE_INFOPLIST_FILE = YES;
				INFOPLIST_FILE = PhantomPhood/Info.plist;
				INFOPLIST_KEY_CFBundleDisplayName = "Phantom Phood";
				INFOPLIST_KEY_LSApplicationCategoryType = "public.app-category.food-and-drink";
				INFOPLIST_KEY_NSLocationAlwaysAndWhenInUseUsageDescription = "This app requires your device location to be able to show the nearest places to you and to personalize suggestions";
				INFOPLIST_KEY_NSLocationWhenInUseUsageDescription = "This app requires your device location to be able to show the nearest places to you and to personalize suggestions";
				INFOPLIST_KEY_UIApplicationSceneManifest_Generation = YES;
				INFOPLIST_KEY_UIApplicationSupportsIndirectInputEvents = YES;
				INFOPLIST_KEY_UILaunchScreen_Generation = YES;
				INFOPLIST_KEY_UIRequiresFullScreen = YES;
				INFOPLIST_KEY_UISupportedInterfaceOrientations = UIInterfaceOrientationPortrait;
				IPHONEOS_DEPLOYMENT_TARGET = 16.0;
				LD_RUNPATH_SEARCH_PATHS = (
					"$(inherited)",
					"@executable_path/Frameworks",
				);
				MARKETING_VERSION = 0.24.0;
				PRODUCT_BUNDLE_IDENTIFIER = ai.phantomphood.app;
				PRODUCT_NAME = "$(TARGET_NAME)";
				SWIFT_EMIT_LOC_STRINGS = YES;
				SWIFT_VERSION = 5.0;
				TARGETED_DEVICE_FAMILY = 1;
			};
			name = Release;
		};
/* End XCBuildConfiguration section */

/* Begin XCConfigurationList section */
		0B77EA322AAF855500C8DF87 /* Build configuration list for PBXProject "PhantomPhood" */ = {
			isa = XCConfigurationList;
			buildConfigurations = (
				0B77EA432AAF855600C8DF87 /* Debug */,
				0B77EA442AAF855600C8DF87 /* Release */,
			);
			defaultConfigurationIsVisible = 0;
			defaultConfigurationName = Release;
		};
		0B77EA452AAF855600C8DF87 /* Build configuration list for PBXNativeTarget "PhantomPhood" */ = {
			isa = XCConfigurationList;
			buildConfigurations = (
				0B77EA462AAF855600C8DF87 /* Debug */,
				0B77EA472AAF855600C8DF87 /* Release */,
			);
			defaultConfigurationIsVisible = 0;
			defaultConfigurationName = Release;
		};
/* End XCConfigurationList section */

/* Begin XCRemoteSwiftPackageReference section */
		0B40166E2B045D56000F1263 /* XCRemoteSwiftPackageReference "SwiftUIPager" */ = {
			isa = XCRemoteSwiftPackageReference;
			repositoryURL = "https://github.com/fermoya/SwiftUIPager.git";
			requirement = {
				kind = upToNextMajorVersion;
				minimumVersion = 2.5.0;
			};
		};
		0B4016712B046A83000F1263 /* XCRemoteSwiftPackageReference "VideoPlayer" */ = {
			isa = XCRemoteSwiftPackageReference;
			repositoryURL = "https://github.com/wxxsw/VideoPlayer";
			requirement = {
				kind = upToNextMajorVersion;
				minimumVersion = 1.2.4;
			};
		};
		0B67C8B52AF0539E002781B3 /* XCRemoteSwiftPackageReference "Kingfisher" */ = {
			isa = XCRemoteSwiftPackageReference;
			repositoryURL = "https://github.com/onevcat/Kingfisher.git";
			requirement = {
				kind = upToNextMajorVersion;
				minimumVersion = 7.10.0;
			};
		};
		0B77EA512AAF8CB800C8DF87 /* XCRemoteSwiftPackageReference "lottie-ios" */ = {
			isa = XCRemoteSwiftPackageReference;
			repositoryURL = "https://github.com/airbnb/lottie-ios.git";
			requirement = {
				kind = upToNextMajorVersion;
				minimumVersion = 4.0.0;
			};
		};
/* End XCRemoteSwiftPackageReference section */

/* Begin XCSwiftPackageProductDependency section */
		0B40166F2B045D56000F1263 /* SwiftUIPager */ = {
			isa = XCSwiftPackageProductDependency;
			package = 0B40166E2B045D56000F1263 /* XCRemoteSwiftPackageReference "SwiftUIPager" */;
			productName = SwiftUIPager;
		};
		0B4016722B046A83000F1263 /* VideoPlayer */ = {
			isa = XCSwiftPackageProductDependency;
			package = 0B4016712B046A83000F1263 /* XCRemoteSwiftPackageReference "VideoPlayer" */;
			productName = VideoPlayer;
		};
		0B67C8B62AF0539E002781B3 /* Kingfisher */ = {
			isa = XCSwiftPackageProductDependency;
			package = 0B67C8B52AF0539E002781B3 /* XCRemoteSwiftPackageReference "Kingfisher" */;
			productName = Kingfisher;
		};
		0B77EA522AAF8CB800C8DF87 /* Lottie */ = {
			isa = XCSwiftPackageProductDependency;
			package = 0B77EA512AAF8CB800C8DF87 /* XCRemoteSwiftPackageReference "lottie-ios" */;
			productName = Lottie;
		};
/* End XCSwiftPackageProductDependency section */
	};
	rootObject = 0B77EA2F2AAF855500C8DF87 /* Project object */;
}
